// !$*UTF8*$!
{
  archiveVersion = 1;
  classes = {};
  objectVersion = 56;
  objects = {

/* Begin PBXBuildFile section */
    719E219517E14861B037AAF6 /* SpearoGoApp.swift in Sources */ = {isa = PBXBuildFile; fileRef = 68E7A44D37A4445D89FE1E84 /* SpearoGoApp.swift */; };
    DAE5C31AC9D14F0996992900 /* AppState.swift in Sources */ = {isa = PBXBuildFile; fileRef = E746D64820AE4AEB9F61EF6C /* AppState.swift */; };
    7C5CC7CF272C41C28B984444 /* ContentView.swift in Sources */ = {isa = PBXBuildFile; fileRef = A45C288267C141429A420860 /* ContentView.swift */; };
    D1FBE12495B94ED6B5BFD51E /* VerdictPage.swift in Sources */ = {isa = PBXBuildFile; fileRef = 498F9633DCDC45BABB75C3A6 /* VerdictPage.swift */; };
    E183FBABF0624E6FA5CCC7C2 /* ConditionsPage.swift in Sources */ = {isa = PBXBuildFile; fileRef = 599FC1501B3446358FBA534F /* ConditionsPage.swift */; };
    34F6FE6F8ED745FEB03ACA4C /* WaterPage.swift in Sources */ = {isa = PBXBuildFile; fileRef = 2457BBE29FAE449181675C6D /* WaterPage.swift */; };
    EF990A1AB0EA469196E6F379 /* TidesPage.swift in Sources */ = {isa = PBXBuildFile; fileRef = 4761A62007894ACB87D448AA /* TidesPage.swift */; };
    54BD2649D177452382BDFBDA /* FishActivityPage.swift in Sources */ = {isa = PBXBuildFile; fileRef = A1704155177A429882DECF4A /* FishActivityPage.swift */; };
    933400A2ED21457EBCC28E81 /* LocationsView.swift in Sources */ = {isa = PBXBuildFile; fileRef = 277E5C0F0E1D43D791A77162 /* LocationsView.swift */; };
    9BFC9F07D9CE4745854DE9C3 /* OnboardingView.swift in Sources */ = {isa = PBXBuildFile; fileRef = 2821B086C0E64DDAA3E09267 /* OnboardingView.swift */; };
    C06227E1E7124C74A44E3989 /* PrivacyPolicyView.swift in Sources */ = {isa = PBXBuildFile; fileRef = 48EE82D6494B4F308FAC4588 /* PrivacyPolicyView.swift */; };
    5C839F4D52834DCC8BC66040 /* WeatherData.swift in Sources */ = {isa = PBXBuildFile; fileRef = B715F27D81AC45AE92CE63E0 /* WeatherData.swift */; };
    98FEE3E30F7C409F910FB32F /* MarineData.swift in Sources */ = {isa = PBXBuildFile; fileRef = 65BA92DC3E3F440B82E0D3FA /* MarineData.swift */; };
    B077ADBADB564591BADB7A96 /* TideData.swift in Sources */ = {isa = PBXBuildFile; fileRef = 3F8D8995598446349EA0950C /* TideData.swift */; };
    7B94DBBDE8664841911A1FAC /* SolunarData.swift in Sources */ = {isa = PBXBuildFile; fileRef = D2FAD4BB69BF45ECB93FC7CA /* SolunarData.swift */; };
    04A8301E8EA54CA6AF039906 /* DiveScore.swift in Sources */ = {isa = PBXBuildFile; fileRef = C1614F61B1CB4BA9AF8B64CB /* DiveScore.swift */; };
    E4772837D0EB4B11B0E3F9BB /* SavedLocation.swift in Sources */ = {isa = PBXBuildFile; fileRef = 7A0C1379530C4941AC33FAB6 /* SavedLocation.swift */; };
    32824C63059C41C2B3E4F554 /* SharedScore.swift in Sources */ = {isa = PBXBuildFile; fileRef = 44358486BA30402595F96EC6 /* SharedScore.swift */; };
    641D5E6450494F3F91897D59 /* WeatherService.swift in Sources */ = {isa = PBXBuildFile; fileRef = EF3583DB10874B8FBEBA4958 /* WeatherService.swift */; };
    44E895A34C774D6E87EF740C /* MarineService.swift in Sources */ = {isa = PBXBuildFile; fileRef = 37A8777ED226439C97B4FE10 /* MarineService.swift */; };
    48E2D0460E5F448A912F880F /* TideService.swift in Sources */ = {isa = PBXBuildFile; fileRef = 2FE9A0B52D5D432EBA5FE8DF /* TideService.swift */; };
    948777552ACD40979666F9F9 /* SolunarService.swift in Sources */ = {isa = PBXBuildFile; fileRef = C57E5E12569A4F3BAA7C78E7 /* SolunarService.swift */; };
    309F66BE854E4996870AA0E3 /* LocationService.swift in Sources */ = {isa = PBXBuildFile; fileRef = 2B65A9C95E3448A2AA027858 /* LocationService.swift */; };
    4F3D234A1E734C84B2AA31F3 /* ScoreService.swift in Sources */ = {isa = PBXBuildFile; fileRef = 29BE20BA6F2947EB9D4233D3 /* ScoreService.swift */; };
    7834BFCB87E649ED84E7BE6F /* CacheService.swift in Sources */ = {isa = PBXBuildFile; fileRef = 389D529DCF2D40B6BCFB4AAE /* CacheService.swift */; };
    DF43B4889E2740529E0CEFF3 /* Constants.swift in Sources */ = {isa = PBXBuildFile; fileRef = 1D3B038507FF49518FA720F4 /* Constants.swift */; };
    985320C0672145758C6C3C31 /* Brand.swift in Sources */ = {isa = PBXBuildFile; fileRef = 6B557A5AB3394737AAD55D59 /* Brand.swift */; };
    12F5A654E3FD4E2590CCB731 /* Typography.swift in Sources */ = {isa = PBXBuildFile; fileRef = 9D87057F573D4309A3DCCE69 /* Typography.swift */; };
    E8C6D2CA9164469887CBDC8C /* Modifiers.swift in Sources */ = {isa = PBXBuildFile; fileRef = 34108273236D497D8284B837 /* Modifiers.swift */; };
    608528DCCAB14B118BA83734 /* PersonalityCopy.swift in Sources */ = {isa = PBXBuildFile; fileRef = 978F967A90C64C60B9402E5F /* PersonalityCopy.swift */; };
    40785E1DF3244AE883BD0012 /* PreviewHelpers.swift in Sources */ = {isa = PBXBuildFile; fileRef = C57AA033D1764311A9E0B900 /* PreviewHelpers.swift */; };
    1A7F258660B9453AB681772E /* Assets.xcassets in Resources */ = {isa = PBXBuildFile; fileRef = 76D70807B5D74698B7C41E61 /* Assets.xcassets */; };
    34C2FB2DC2474852A6DE3F86 /* PrivacyInfo.xcprivacy in Resources */ = {isa = PBXBuildFile; fileRef = 267CF8680CEC40D994924E32 /* PrivacyInfo.xcprivacy */; };
    594130C947AB4FBD90C4D051 /* SpearoGoiOSApp.swift in Sources */ = {isa = PBXBuildFile; fileRef = 8D2A91E55C49414086489130 /* SpearoGoiOSApp.swift */; };
    55D011647D7F429BAACCBB81 /* Assets.xcassets in Resources */ = {isa = PBXBuildFile; fileRef = 518C00C78D92477EB512DE9B /* Assets.xcassets */; };
    856B93F368FC4B32AE346C0B /* SpearoGo Watch App.app in Embed Watch Content */ = {isa = PBXBuildFile; fileRef = 330F618E08374209BE18A406 /* SpearoGo Watch App.app */; settings = {ATTRIBUTES = (RemoveHeadersOnCopy, ); }; };
/* End PBXBuildFile section */

/* Begin PBXContainerItemProxy section */
    D050AF47C9754EBABD1F3631 /* PBXContainerItemProxy */ = {
        isa = PBXContainerItemProxy;
        containerPortal = 8BA94F78FD6E42F3ADED29CB /* Project object */;
        proxyType = 1;
        remoteGlobalIDString = E44B6BA4062B4E8290C75F94;
        remoteInfo = "SpearoGo Watch App";
    };
/* End PBXContainerItemProxy section */

/* Begin PBXCopyFilesBuildPhase section */
    ED77F8618AF241E09BCB8754 /* Embed Watch Content */ = {
        isa = PBXCopyFilesBuildPhase;
        buildActionMask = 2147483647;
        dstPath = "$(CONTENTS_FOLDER_PATH)/Watch";
        dstSubfolderSpec = 16;
        files = (
            856B93F368FC4B32AE346C0B /* SpearoGo Watch App.app in Embed Watch Content */,
        );
        name = "Embed Watch Content";
        runOnlyForDeploymentPostprocessing = 0;
    };
/* End PBXCopyFilesBuildPhase section */

/* Begin PBXFileReference section */
    433C58A1063E4993853AB694 /* SpearoGo.app */ = {isa = PBXFileReference; explicitFileType = wrapper.application; includeInIndex = 0; path = "SpearoGo.app"; sourceTree = BUILT_PRODUCTS_DIR; };
    330F618E08374209BE18A406 /* SpearoGo Watch App.app */ = {isa = PBXFileReference; explicitFileType = wrapper.application; includeInIndex = 0; path = "SpearoGo Watch App.app"; sourceTree = BUILT_PRODUCTS_DIR; };
    8D2A91E55C49414086489130 /* SpearoGoiOSApp.swift */ = {isa = PBXFileReference; lastKnownFileType = sourcecode.swift; path = SpearoGoiOSApp.swift; sourceTree = "<group>"; };
    518C00C78D92477EB512DE9B /* Assets.xcassets */ = {isa = PBXFileReference; lastKnownFileType = folder.assetcatalog; path = Assets.xcassets; sourceTree = "<group>"; };
    32E51B6AA8494C028C7536EC /* Info.plist */ = {isa = PBXFileReference; lastKnownFileType = text.plist.xml; path = Info.plist; sourceTree = "<group>"; };
    68E7A44D37A4445D89FE1E84 /* SpearoGoApp.swift */ = {isa = PBXFileReference; lastKnownFileType = sourcecode.swift; path = SpearoGoApp.swift; sourceTree = "<group>"; };
    E746D64820AE4AEB9F61EF6C /* AppState.swift */ = {isa = PBXFileReference; lastKnownFileType = sourcecode.swift; path = AppState.swift; sourceTree = "<group>"; };
    A45C288267C141429A420860 /* ContentView.swift */ = {isa = PBXFileReference; lastKnownFileType = sourcecode.swift; path = ContentView.swift; sourceTree = "<group>"; };
    498F9633DCDC45BABB75C3A6 /* VerdictPage.swift */ = {isa = PBXFileReference; lastKnownFileType = sourcecode.swift; path = VerdictPage.swift; sourceTree = "<group>"; };
    599FC1501B3446358FBA534F /* ConditionsPage.swift */ = {isa = PBXFileReference; lastKnownFileType = sourcecode.swift; path = ConditionsPage.swift; sourceTree = "<group>"; };
    2457BBE29FAE449181675C6D /* WaterPage.swift */ = {isa = PBXFileReference; lastKnownFileType = sourcecode.swift; path = WaterPage.swift; sourceTree = "<group>"; };
    4761A62007894ACB87D448AA /* TidesPage.swift */ = {isa = PBXFileReference; lastKnownFileType = sourcecode.swift; path = TidesPage.swift; sourceTree = "<group>"; };
    A1704155177A429882DECF4A /* FishActivityPage.swift */ = {isa = PBXFileReference; lastKnownFileType = sourcecode.swift; path = FishActivityPage.swift; sourceTree = "<group>"; };
    277E5C0F0E1D43D791A77162 /* LocationsView.swift */ = {isa = PBXFileReference; lastKnownFileType = sourcecode.swift; path = LocationsView.swift; sourceTree = "<group>"; };
    2821B086C0E64DDAA3E09267 /* OnboardingView.swift */ = {isa = PBXFileReference; lastKnownFileType = sourcecode.swift; path = OnboardingView.swift; sourceTree = "<group>"; };
    48EE82D6494B4F308FAC4588 /* PrivacyPolicyView.swift */ = {isa = PBXFileReference; lastKnownFileType = sourcecode.swift; path = PrivacyPolicyView.swift; sourceTree = "<group>"; };
    B715F27D81AC45AE92CE63E0 /* WeatherData.swift */ = {isa = PBXFileReference; lastKnownFileType = sourcecode.swift; path = WeatherData.swift; sourceTree = "<group>"; };
    65BA92DC3E3F440B82E0D3FA /* MarineData.swift */ = {isa = PBXFileReference; lastKnownFileType = sourcecode.swift; path = MarineData.swift; sourceTree = "<group>"; };
    3F8D8995598446349EA0950C /* TideData.swift */ = {isa = PBXFileReference; lastKnownFileType = sourcecode.swift; path = TideData.swift; sourceTree = "<group>"; };
    D2FAD4BB69BF45ECB93FC7CA /* SolunarData.swift */ = {isa = PBXFileReference; lastKnownFileType = sourcecode.swift; path = SolunarData.swift; sourceTree = "<group>"; };
    C1614F61B1CB4BA9AF8B64CB /* DiveScore.swift */ = {isa = PBXFileReference; lastKnownFileType = sourcecode.swift; path = DiveScore.swift; sourceTree = "<group>"; };
    7A0C1379530C4941AC33FAB6 /* SavedLocation.swift */ = {isa = PBXFileReference; lastKnownFileType = sourcecode.swift; path = SavedLocation.swift; sourceTree = "<group>"; };
    44358486BA30402595F96EC6 /* SharedScore.swift */ = {isa = PBXFileReference; lastKnownFileType = sourcecode.swift; path = SharedScore.swift; sourceTree = "<group>"; };
    EF3583DB10874B8FBEBA4958 /* WeatherService.swift */ = {isa = PBXFileReference; lastKnownFileType = sourcecode.swift; path = WeatherService.swift; sourceTree = "<group>"; };
    37A8777ED226439C97B4FE10 /* MarineService.swift */ = {isa = PBXFileReference; lastKnownFileType = sourcecode.swift; path = MarineService.swift; sourceTree = "<group>"; };
    2FE9A0B52D5D432EBA5FE8DF /* TideService.swift */ = {isa = PBXFileReference; lastKnownFileType = sourcecode.swift; path = TideService.swift; sourceTree = "<group>"; };
    C57E5E12569A4F3BAA7C78E7 /* SolunarService.swift */ = {isa = PBXFileReference; lastKnownFileType = sourcecode.swift; path = SolunarService.swift; sourceTree = "<group>"; };
    2B65A9C95E3448A2AA027858 /* LocationService.swift */ = {isa = PBXFileReference; lastKnownFileType = sourcecode.swift; path = LocationService.swift; sourceTree = "<group>"; };
    29BE20BA6F2947EB9D4233D3 /* ScoreService.swift */ = {isa = PBXFileReference; lastKnownFileType = sourcecode.swift; path = ScoreService.swift; sourceTree = "<group>"; };
    389D529DCF2D40B6BCFB4AAE /* CacheService.swift */ = {isa = PBXFileReference; lastKnownFileType = sourcecode.swift; path = CacheService.swift; sourceTree = "<group>"; };
    1D3B038507FF49518FA720F4 /* Constants.swift */ = {isa = PBXFileReference; lastKnownFileType = sourcecode.swift; path = Constants.swift; sourceTree = "<group>"; };
    6B557A5AB3394737AAD55D59 /* Brand.swift */ = {isa = PBXFileReference; lastKnownFileType = sourcecode.swift; path = Brand.swift; sourceTree = "<group>"; };
    9D87057F573D4309A3DCCE69 /* Typography.swift */ = {isa = PBXFileReference; lastKnownFileType = sourcecode.swift; path = Typography.swift; sourceTree = "<group>"; };
    34108273236D497D8284B837 /* Modifiers.swift */ = {isa = PBXFileReference; lastKnownFileType = sourcecode.swift; path = Modifiers.swift; sourceTree = "<group>"; };
    978F967A90C64C60B9402E5F /* PersonalityCopy.swift */ = {isa = PBXFileReference; lastKnownFileType = sourcecode.swift; path = PersonalityCopy.swift; sourceTree = "<group>"; };
    C57AA033D1764311A9E0B900 /* PreviewHelpers.swift */ = {isa = PBXFileReference; lastKnownFileType = sourcecode.swift; path = PreviewHelpers.swift; sourceTree = "<group>"; };
    CF70B7A1095747789043CA60 /* SpearoGoWidget.swift */ = {isa = PBXFileReference; lastKnownFileType = sourcecode.swift; path = SpearoGoWidget.swift; sourceTree = "<group>"; };
    59346CA31D3C4F68AB6D9363 /* WidgetViews.swift */ = {isa = PBXFileReference; lastKnownFileType = sourcecode.swift; path = WidgetViews.swift; sourceTree = "<group>"; };
    76D70807B5D74698B7C41E61 /* Assets.xcassets */ = {isa = PBXFileReference; lastKnownFileType = folder.assetcatalog; path = Assets.xcassets; sourceTree = "<group>"; };
    267CF8680CEC40D994924E32 /* PrivacyInfo.xcprivacy */ = {isa = PBXFileReference; lastKnownFileType = text.xml; path = PrivacyInfo.xcprivacy; sourceTree = "<group>"; };
/* End PBXFileReference section */

/* Begin PBXFrameworksBuildPhase section */
    2A884BD4CFB341C88498C079 /* Frameworks */ = {
        isa = PBXFrameworksBuildPhase;
        buildActionMask = 2147483647;
        files = (
        );
        runOnlyForDeploymentPostprocessing = 0;
    };
    3D8F43E41E684DA391DDA055 /* Frameworks */ = {
        isa = PBXFrameworksBuildPhase;
        buildActionMask = 2147483647;
        files = (
        );
        runOnlyForDeploymentPostprocessing = 0;
    };
/* End PBXFrameworksBuildPhase section */

/* Begin PBXGroup section */
    849399CA30634368A7EA72A9 = {
        isa = PBXGroup;
        children = (
            029C2638D5AF4EDD8CB59850 /* SpearoGo */,
            0E8BB9227AEC43888D36A92A /* iOS Stub */,
            6F3C2DF6BD5C41F9B690742E /* Products */,
        );
        sourceTree = "<group>";
    };
    029C2638D5AF4EDD8CB59850 /* SpearoGo */ = {
        isa = PBXGroup;
        children = (
            68E7A44D37A4445D89FE1E84 /* SpearoGoApp.swift */,
            E746D64820AE4AEB9F61EF6C /* AppState.swift */,
            A45C288267C141429A420860 /* ContentView.swift */,
            76D70807B5D74698B7C41E61 /* Assets.xcassets */,
            267CF8680CEC40D994924E32 /* PrivacyInfo.xcprivacy */,
            F30A4BAB18BD4AEC93D4EC2C /* Views */,
            F0A6A914062F40BB960073FE /* Models */,
            27F546CB75CD4FB09E1F0D81 /* Services */,
            15A8D47ECD70434B9F183E6D /* Utils */,
            0987CDDA884B433998561194 /* Widget */,
        );
        path = SpearoGo;
        sourceTree = "<group>";
    };
    0E8BB9227AEC43888D36A92A /* iOS Stub */ = {
        isa = PBXGroup;
        children = (
            8D2A91E55C49414086489130 /* SpearoGoiOSApp.swift */,
            518C00C78D92477EB512DE9B /* Assets.xcassets */,
            32E51B6AA8494C028C7536EC /* Info.plist */,
        );
        name = "iOS Stub";
        path = "SpearoGoiOS";
        sourceTree = "<group>";
    };
    6F3C2DF6BD5C41F9B690742E /* Products */ = {
        isa = PBXGroup;
        children = (
            433C58A1063E4993853AB694 /* SpearoGo.app */,
            330F618E08374209BE18A406 /* SpearoGo Watch App.app */,
        );
        name = Products;
        sourceTree = "<group>";
    };
    F30A4BAB18BD4AEC93D4EC2C /* Views */ = {
        isa = PBXGroup;
        children = (
            498F9633DCDC45BABB75C3A6 /* VerdictPage.swift */,
            599FC1501B3446358FBA534F /* ConditionsPage.swift */,
            2457BBE29FAE449181675C6D /* WaterPage.swift */,
            4761A62007894ACB87D448AA /* TidesPage.swift */,
            A1704155177A429882DECF4A /* FishActivityPage.swift */,
            277E5C0F0E1D43D791A77162 /* LocationsView.swift */,
            2821B086C0E64DDAA3E09267 /* OnboardingView.swift */,
            48EE82D6494B4F308FAC4588 /* PrivacyPolicyView.swift */,
        );
        name = Views;
        path = "Views";
        sourceTree = "<group>";
    };
    F0A6A914062F40BB960073FE /* Models */ = {
        isa = PBXGroup;
        children = (
            B715F27D81AC45AE92CE63E0 /* WeatherData.swift */,
            65BA92DC3E3F440B82E0D3FA /* MarineData.swift */,
            3F8D8995598446349EA0950C /* TideData.swift */,
            D2FAD4BB69BF45ECB93FC7CA /* SolunarData.swift */,
            C1614F61B1CB4BA9AF8B64CB /* DiveScore.swift */,
            7A0C1379530C4941AC33FAB6 /* SavedLocation.swift */,
            44358486BA30402595F96EC6 /* SharedScore.swift */,
        );
        name = Models;
        path = "Models";
        sourceTree = "<group>";
    };
    27F546CB75CD4FB09E1F0D81 /* Services */ = {
        isa = PBXGroup;
        children = (
            EF3583DB10874B8FBEBA4958 /* WeatherService.swift */,
            37A8777ED226439C97B4FE10 /* MarineService.swift */,
            2FE9A0B52D5D432EBA5FE8DF /* TideService.swift */,
            C57E5E12569A4F3BAA7C78E7 /* SolunarService.swift */,
            2B65A9C95E3448A2AA027858 /* LocationService.swift */,
            29BE20BA6F2947EB9D4233D3 /* ScoreService.swift */,
            389D529DCF2D40B6BCFB4AAE /* CacheService.swift */,
        );
        name = Services;
        path = "Services";
        sourceTree = "<group>";
    };
    15A8D47ECD70434B9F183E6D /* Utils */ = {
        isa = PBXGroup;
        children = (
            1D3B038507FF49518FA720F4 /* Constants.swift */,
            6B557A5AB3394737AAD55D59 /* Brand.swift */,
            9D87057F573D4309A3DCCE69 /* Typography.swift */,
            34108273236D497D8284B837 /* Modifiers.swift */,
            978F967A90C64C60B9402E5F /* PersonalityCopy.swift */,
            C57AA033D1764311A9E0B900 /* PreviewHelpers.swift */,
        );
        name = Utils;
        path = "Utils";
        sourceTree = "<group>";
    };
    0987CDDA884B433998561194 /* Widget */ = {
        isa = PBXGroup;
        children = (
            CF70B7A1095747789043CA60 /* SpearoGoWidget.swift */,
            59346CA31D3C4F68AB6D9363 /* WidgetViews.swift */,
        );
        name = Widget;
        path = "Widget";
        sourceTree = "<group>";
    };
/* End PBXGroup section */

/* Begin PBXNativeTarget section */
    E44B6BA4062B4E8290C75F94 /* SpearoGo Watch App */ = {
        isa = PBXNativeTarget;
        buildConfigurationList = 7BEFCF2F5E0143CB9DD6BC53 /* Build configuration list for PBXNativeTarget "SpearoGo Watch App" */;
        buildPhases = (
            2DDDFACCBD6A493B9F5235A2 /* Sources */,
            2A884BD4CFB341C88498C079 /* Frameworks */,
            E473EF9B3F6D4F2ABCF103BC /* Resources */,
        );
        buildRules = (
        );
        dependencies = (
        );
        name = "SpearoGo Watch App";
        productName = "SpearoGo Watch App";
        productReference = 330F618E08374209BE18A406 /* SpearoGo Watch App.app */;
        productType = "com.apple.product-type.application";
    };
    2C091C44730749A1A30359F0 /* SpearoGo */ = {
        isa = PBXNativeTarget;
        buildConfigurationList = C0734E039D974DB79F04613B /* Build configuration list for PBXNativeTarget "SpearoGo" */;
        buildPhases = (
            AF608B03D796458BB1B8F2AC /* Sources */,
            3D8F43E41E684DA391DDA055 /* Frameworks */,
            52D070E18FD440E5B239F910 /* Resources */,
            ED77F8618AF241E09BCB8754 /* Embed Watch Content */,
        );
        buildRules = (
        );
        dependencies = (
            92B6C2767A604ABFB5D41FC0 /* PBXTargetDependency */,
        );
        name = SpearoGo;
        productName = SpearoGo;
        productReference = 433C58A1063E4993853AB694 /* SpearoGo.app */;
        productType = "com.apple.product-type.application";
    };
/* End PBXNativeTarget section */

/* Begin PBXProject section */
    8BA94F78FD6E42F3ADED29CB /* Project object */ = {
        isa = PBXProject;
        attributes = {
            BuildIndependentTargetsInParallel = 1;
            LastSwiftUpdateCheck = 1500;
            LastUpgradeCheck = 1500;
            TargetAttributes = {
                E44B6BA4062B4E8290C75F94 = {
                    CreatedOnToolsVersion = 15.0;
                };
                2C091C44730749A1A30359F0 = {
                    CreatedOnToolsVersion = 15.0;
                };
            };
        };
        buildConfigurationList = 1C092993C34D4CC8904C1C0E /* Build configuration list for PBXProject "SpearoGo" */;
        compatibilityVersion = "Xcode 14.0";
        developmentRegion = en;
        hasScannedForEncodings = 0;
        knownRegions = (
            en,
            Base,
        );
        mainGroup = 849399CA30634368A7EA72A9;
        productRefGroup = 6F3C2DF6BD5C41F9B690742E /* Products */;
        projectDirPath = "";
        projectRoot = "";
        targets = (
            2C091C44730749A1A30359F0 /* SpearoGo */,
            E44B6BA4062B4E8290C75F94 /* SpearoGo Watch App */,
        );
    };
/* End PBXProject section */

/* Begin PBXResourcesBuildPhase section */
    E473EF9B3F6D4F2ABCF103BC /* Resources */ = {
        isa = PBXResourcesBuildPhase;
        buildActionMask = 2147483647;
        files = (
            1A7F258660B9453AB681772E /* Assets.xcassets in Resources */,
            34C2FB2DC2474852A6DE3F86 /* PrivacyInfo.xcprivacy in Resources */,
        );
        runOnlyForDeploymentPostprocessing = 0;
    };
    52D070E18FD440E5B239F910 /* Resources */ = {
        isa = PBXResourcesBuildPhase;
        buildActionMask = 2147483647;
        files = (
            55D011647D7F429BAACCBB81 /* Assets.xcassets in Resources */,
        );
        runOnlyForDeploymentPostprocessing = 0;
    };
/* End PBXResourcesBuildPhase section */

/* Begin PBXSourcesBuildPhase section */
    2DDDFACCBD6A493B9F5235A2 /* Sources */ = {
        isa = PBXSourcesBuildPhase;
        buildActionMask = 2147483647;
        files = (
            719E219517E14861B037AAF6 /* SpearoGoApp.swift in Sources */,
            DAE5C31AC9D14F0996992900 /* AppState.swift in Sources */,
            7C5CC7CF272C41C28B984444 /* ContentView.swift in Sources */,
            D1FBE12495B94ED6B5BFD51E /* VerdictPage.swift in Sources */,
            E183FBABF0624E6FA5CCC7C2 /* ConditionsPage.swift in Sources */,
            34F6FE6F8ED745FEB03ACA4C /* WaterPage.swift in Sources */,
            EF990A1AB0EA469196E6F379 /* TidesPage.swift in Sources */,
            54BD2649D177452382BDFBDA /* FishActivityPage.swift in Sources */,
            933400A2ED21457EBCC28E81 /* LocationsView.swift in Sources */,
            9BFC9F07D9CE4745854DE9C3 /* OnboardingView.swift in Sources */,
            C06227E1E7124C74A44E3989 /* PrivacyPolicyView.swift in Sources */,
            5C839F4D52834DCC8BC66040 /* WeatherData.swift in Sources */,
            98FEE3E30F7C409F910FB32F /* MarineData.swift in Sources */,
            B077ADBADB564591BADB7A96 /* TideData.swift in Sources */,
            7B94DBBDE8664841911A1FAC /* SolunarData.swift in Sources */,
            04A8301E8EA54CA6AF039906 /* DiveScore.swift in Sources */,
            E4772837D0EB4B11B0E3F9BB /* SavedLocation.swift in Sources */,
            32824C63059C41C2B3E4F554 /* SharedScore.swift in Sources */,
            641D5E6450494F3F91897D59 /* WeatherService.swift in Sources */,
            44E895A34C774D6E87EF740C /* MarineService.swift in Sources */,
            48E2D0460E5F448A912F880F /* TideService.swift in Sources */,
            948777552ACD40979666F9F9 /* SolunarService.swift in Sources */,
            309F66BE854E4996870AA0E3 /* LocationService.swift in Sources */,
            4F3D234A1E734C84B2AA31F3 /* ScoreService.swift in Sources */,
            7834BFCB87E649ED84E7BE6F /* CacheService.swift in Sources */,
            DF43B4889E2740529E0CEFF3 /* Constants.swift in Sources */,
            985320C0672145758C6C3C31 /* Brand.swift in Sources */,
            12F5A654E3FD4E2590CCB731 /* Typography.swift in Sources */,
            E8C6D2CA9164469887CBDC8C /* Modifiers.swift in Sources */,
            608528DCCAB14B118BA83734 /* PersonalityCopy.swift in Sources */,
            40785E1DF3244AE883BD0012 /* PreviewHelpers.swift in Sources */,
        );
        runOnlyForDeploymentPostprocessing = 0;
    };
    AF608B03D796458BB1B8F2AC /* Sources */ = {
        isa = PBXSourcesBuildPhase;
        buildActionMask = 2147483647;
        files = (
            594130C947AB4FBD90C4D051 /* SpearoGoiOSApp.swift in Sources */,
        );
        runOnlyForDeploymentPostprocessing = 0;
    };
/* End PBXSourcesBuildPhase section */

/* Begin PBXTargetDependency section */
    92B6C2767A604ABFB5D41FC0 /* PBXTargetDependency */ = {
        isa = PBXTargetDependency;
        target = E44B6BA4062B4E8290C75F94 /* SpearoGo Watch App */;
        targetProxy = D050AF47C9754EBABD1F3631 /* PBXContainerItemProxy */;
    };
/* End PBXTargetDependency section */

/* Begin XCBuildConfiguration section */
    54559EC3714346CF990AE75F /* Debug */ = {
        isa = XCBuildConfiguration;
        buildSettings = {
            ALWAYS_SEARCH_USER_PATHS = NO;
            CLANG_ANALYZER_NONNULL = YES;
            CLANG_ANALYZER_NUMBER_OBJECT_CONVERSION = YES_AGGRESSIVE;
            CLANG_CXX_LANGUAGE_STANDARD = "gnu++20";
            CLANG_ENABLE_MODULES = YES;
            CLANG_ENABLE_OBJC_ARC = YES;
            CLANG_ENABLE_OBJC_WEAK = YES;
            CLANG_WARN_BLOCK_CAPTURE_AUTORELEASING = YES;
            CLANG_WARN_BOOL_CONVERSION = YES;
            CLANG_WARN_COMMA = YES;
            CLANG_WARN_CONSTANT_CONVERSION = YES;
            CLANG_WARN_DEPRECATED_OBJC_IMPLEMENTATIONS = YES;
            CLANG_WARN_DIRECT_OBJC_ISA_USAGE = YES_ERROR;
            CLANG_WARN_DOCUMENTATION_COMMENTS = YES;
            CLANG_WARN_EMPTY_BODY = YES;
            CLANG_WARN_ENUM_CONVERSION = YES;
            CLANG_WARN_INFINITE_RECURSION = YES;
            CLANG_WARN_INT_CONVERSION = YES;
            CLANG_WARN_NON_LITERAL_NULL_CONVERSION = YES;
            CLANG_WARN_OBJC_IMPLICIT_RETAIN_SELF = YES;
            CLANG_WARN_OBJC_LITERAL_CONVERSION = YES;
            CLANG_WARN_OBJC_ROOT_CLASS = YES_ERROR;
            CLANG_WARN_QUOTED_INCLUDE_IN_FRAMEWORK_HEADER = YES;
            CLANG_WARN_RANGE_LOOP_ANALYSIS = YES;
            CLANG_WARN_STRICT_PROTOTYPES = YES;
            CLANG_WARN_SUSPICIOUS_MOVE = YES;
            CLANG_WARN_UNGUARDED_AVAILABILITY = YES_AGGRESSIVE;
            CLANG_WARN_UNREACHABLE_CODE = YES;
            CLANG_WARN__DUPLICATE_METHOD_MATCH = YES;
            GCC_C_LANGUAGE_STANDARD = gnu17;
            GCC_WARN_64_TO_32_BIT_CONVERSION = YES;
            GCC_WARN_ABOUT_RETURN_TYPE = YES_ERROR;
            GCC_WARN_UNDECLARED_SELECTOR = YES;
            GCC_WARN_UNINITIALIZED_AUTOS = YES_AGGRESSIVE;
            GCC_WARN_UNUSED_FUNCTION = YES;
            GCC_WARN_UNUSED_VARIABLE = YES;
            SWIFT_VERSION = "5.0";
            DEBUG_INFORMATION_FORMAT = dwarf;
            ENABLE_TESTABILITY = YES;
            GCC_DYNAMIC_NO_PIC = NO;
            GCC_OPTIMIZATION_LEVEL = 0;
            GCC_PREPROCESSOR_DEFINITIONS = ("DEBUG=1", "$(inherited)",);
            MTL_ENABLE_DEBUG_INFO = INCLUDE_SOURCE;
            MTL_FAST_MATH = YES;
            ONLY_ACTIVE_ARCH = YES;
            SWIFT_ACTIVE_COMPILATION_CONDITIONS = DEBUG;
            SWIFT_OPTIMIZATION_LEVEL = "-Onone";
        };
        name = Debug;
    };
    94043A05D6C44CECB1048DEA /* Release */ = {
        isa = XCBuildConfiguration;
        buildSettings = {
            ALWAYS_SEARCH_USER_PATHS = NO;
            CLANG_ANALYZER_NONNULL = YES;
            CLANG_ANALYZER_NUMBER_OBJECT_CONVERSION = YES_AGGRESSIVE;
            CLANG_CXX_LANGUAGE_STANDARD = "gnu++20";
            CLANG_ENABLE_MODULES = YES;
            CLANG_ENABLE_OBJC_ARC = YES;
            CLANG_ENABLE_OBJC_WEAK = YES;
            CLANG_WARN_BLOCK_CAPTURE_AUTORELEASING = YES;
            CLANG_WARN_BOOL_CONVERSION = YES;
            CLANG_WARN_COMMA = YES;
            CLANG_WARN_CONSTANT_CONVERSION = YES;
            CLANG_WARN_DEPRECATED_OBJC_IMPLEMENTATIONS = YES;
            CLANG_WARN_DIRECT_OBJC_ISA_USAGE = YES_ERROR;
            CLANG_WARN_DOCUMENTATION_COMMENTS = YES;
            CLANG_WARN_EMPTY_BODY = YES;
            CLANG_WARN_ENUM_CONVERSION = YES;
            CLANG_WARN_INFINITE_RECURSION = YES;
            CLANG_WARN_INT_CONVERSION = YES;
            CLANG_WARN_NON_LITERAL_NULL_CONVERSION = YES;
            CLANG_WARN_OBJC_IMPLICIT_RETAIN_SELF = YES;
            CLANG_WARN_OBJC_LITERAL_CONVERSION = YES;
            CLANG_WARN_OBJC_ROOT_CLASS = YES_ERROR;
            CLANG_WARN_QUOTED_INCLUDE_IN_FRAMEWORK_HEADER = YES;
            CLANG_WARN_RANGE_LOOP_ANALYSIS = YES;
            CLANG_WARN_STRICT_PROTOTYPES = YES;
            CLANG_WARN_SUSPICIOUS_MOVE = YES;
            CLANG_WARN_UNGUARDED_AVAILABILITY = YES_AGGRESSIVE;
            CLANG_WARN_UNREACHABLE_CODE = YES;
            CLANG_WARN__DUPLICATE_METHOD_MATCH = YES;
            GCC_C_LANGUAGE_STANDARD = gnu17;
            GCC_WARN_64_TO_32_BIT_CONVERSION = YES;
            GCC_WARN_ABOUT_RETURN_TYPE = YES_ERROR;
            GCC_WARN_UNDECLARED_SELECTOR = YES;
            GCC_WARN_UNINITIALIZED_AUTOS = YES_AGGRESSIVE;
            GCC_WARN_UNUSED_FUNCTION = YES;
            GCC_WARN_UNUSED_VARIABLE = YES;
            SWIFT_VERSION = "5.0";
            COPY_PHASE_STRIP = NO;
            DEBUG_INFORMATION_FORMAT = "dwarf-with-dsym";
            ENABLE_NS_ASSERTIONS = NO;
            MTL_FAST_MATH = YES;
            SWIFT_COMPILATION_MODE = wholemodule;
            SWIFT_OPTIMIZATION_LEVEL = "-O";
            VALIDATE_PRODUCT = YES;
        };
        name = Release;
    };
    F050458841684D69B11CB85F /* Debug */ = {
        isa = XCBuildConfiguration;
        buildSettings = {
            ASSETCATALOG_COMPILER_APPICON_NAME = AppIcon;
            ASSETCATALOG_COMPILER_GLOBAL_ACCENT_COLOR_NAME = OceanBlue;
            CODE_SIGN_ENTITLEMENTS = "SpearoGo/SpearoGo.entitlements";
            CODE_SIGN_STYLE = Automatic;
            CURRENT_PROJECT_VERSION = 2;
            DEVELOPMENT_TEAM = RBDNV7NG89;
            ENABLE_PREVIEWS = YES;
            GENERATE_INFOPLIST_FILE = NO;
            INFOPLIST_FILE = "SpearoGo/Info.plist";
            MARKETING_VERSION = "1.0.0";
            PRODUCT_BUNDLE_IDENTIFIER = "agency.visivo.SpearoGo.watchkitapp";
            PRODUCT_NAME = "$(TARGET_NAME)";
            SDKROOT = watchos;
            SKIP_INSTALL = YES;
            SUPPORTED_PLATFORMS = watchos;
            SUPPORTS_MACCATALYST = NO;
            SWIFT_EMIT_LOC_STRINGS = YES;
            SWIFT_VERSION = "5.0";
            TARGETED_DEVICE_FAMILY = 4;
            WATCHOS_DEPLOYMENT_TARGET = "10.0";
            SWIFT_ACTIVE_COMPILATION_CONDITIONS = DEBUG;
        };
        name = Debug;
    };
    F1A20043AAD349A78175D58E /* Release */ = {
        isa = XCBuildConfiguration;
        buildSettings = {
            ASSETCATALOG_COMPILER_APPICON_NAME = AppIcon;
            ASSETCATALOG_COMPILER_GLOBAL_ACCENT_COLOR_NAME = OceanBlue;
            CODE_SIGN_ENTITLEMENTS = "SpearoGo/SpearoGo.entitlements";
            CODE_SIGN_STYLE = Automatic;
            CURRENT_PROJECT_VERSION = 2;
            DEVELOPMENT_TEAM = RBDNV7NG89;
            ENABLE_PREVIEWS = YES;
            GENERATE_INFOPLIST_FILE = NO;
            INFOPLIST_FILE = "SpearoGo/Info.plist";
            MARKETING_VERSION = "1.0.0";
            PRODUCT_BUNDLE_IDENTIFIER = "agency.visivo.SpearoGo.watchkitapp";
            PRODUCT_NAME = "$(TARGET_NAME)";
            SDKROOT = watchos;
            SKIP_INSTALL = YES;
            SUPPORTED_PLATFORMS = watchos;
            SUPPORTS_MACCATALYST = NO;
            SWIFT_EMIT_LOC_STRINGS = YES;
            SWIFT_VERSION = "5.0";
            TARGETED_DEVICE_FAMILY = 4;
            WATCHOS_DEPLOYMENT_TARGET = "10.0";
        };
        name = Release;
    };
    1E8151E190F94456B8D6F3EE /* Debug */ = {
        isa = XCBuildConfiguration;
        buildSettings = {
            ASSETCATALOG_COMPILER_APPICON_NAME = AppIcon;
            CODE_SIGN_STYLE = Automatic;
            CURRENT_PROJECT_VERSION = 2;
            DEVELOPMENT_TEAM = RBDNV7NG89;
            GENERATE_INFOPLIST_FILE = NO;
            INFOPLIST_FILE = "SpearoGoiOS/Info.plist";
            MARKETING_VERSION = "1.0.0";
            PRODUCT_BUNDLE_IDENTIFIER = "agency.visivo.SpearoGo";
            PRODUCT_NAME = "$(TARGET_NAME)";
            SDKROOT = iphoneos;
            SKIP_INSTALL = NO;
            SUPPORTED_PLATFORMS = iphoneos;
            SUPPORTS_MACCATALYST = NO;
            SWIFT_EMIT_LOC_STRINGS = YES;
            SWIFT_VERSION = "5.0";
            TARGETED_DEVICE_FAMILY = "1,2";
            IPHONEOS_DEPLOYMENT_TARGET = "17.0";
            SWIFT_ACTIVE_COMPILATION_CONDITIONS = DEBUG;
        };
        name = Debug;
    };
    A212E971DD5E4EB2BA97B414 /* Release */ = {
        isa = XCBuildConfiguration;
        buildSettings = {
            ASSETCATALOG_COMPILER_APPICON_NAME = AppIcon;
            CODE_SIGN_STYLE = Automatic;
            CURRENT_PROJECT_VERSION = 2;
            DEVELOPMENT_TEAM = RBDNV7NG89;
            GENERATE_INFOPLIST_FILE = NO;
            INFOPLIST_FILE = "SpearoGoiOS/Info.plist";
            MARKETING_VERSION = "1.0.0";
            PRODUCT_BUNDLE_IDENTIFIER = "agency.visivo.SpearoGo";
            PRODUCT_NAME = "$(TARGET_NAME)";
            SDKROOT = iphoneos;
            SKIP_INSTALL = NO;
            SUPPORTED_PLATFORMS = iphoneos;
            SUPPORTS_MACCATALYST = NO;
            SWIFT_EMIT_LOC_STRINGS = YES;
            SWIFT_VERSION = "5.0";
            TARGETED_DEVICE_FAMILY = "1,2";
            IPHONEOS_DEPLOYMENT_TARGET = "17.0";
        };
        name = Release;
    };
/* End XCBuildConfiguration section */

/* Begin XCConfigurationList section */
    1C092993C34D4CC8904C1C0E /* Build configuration list for PBXProject "SpearoGo" */ = {
        isa = XCConfigurationList;
        buildConfigurations = (
            54559EC3714346CF990AE75F /* Debug */,
            94043A05D6C44CECB1048DEA /* Release */,
        );
        defaultConfigurationIsVisible = 0;
        defaultConfigurationName = Release;
    };
    7BEFCF2F5E0143CB9DD6BC53 /* Build configuration list for PBXNativeTarget "SpearoGo Watch App" */ = {
        isa = XCConfigurationList;
        buildConfigurations = (
            F050458841684D69B11CB85F /* Debug */,
            F1A20043AAD349A78175D58E /* Release */,
        );
        defaultConfigurationIsVisible = 0;
        defaultConfigurationName = Release;
    };
    C0734E039D974DB79F04613B /* Build configuration list for PBXNativeTarget "SpearoGo" */ = {
        isa = XCConfigurationList;
        buildConfigurations = (
            1E8151E190F94456B8D6F3EE /* Debug */,
            A212E971DD5E4EB2BA97B414 /* Release */,
        );
        defaultConfigurationIsVisible = 0;
        defaultConfigurationName = Release;
    };
/* End XCConfigurationList section */

  };
  rootObject = 8BA94F78FD6E42F3ADED29CB /* Project object */;
}