// !$*UTF8*$!
{
  archiveVersion = 1;
  classes = {};
  objectVersion = 56;
  objects = {

/* Begin PBXBuildFile section */
    BFFB8C4E31BC47E58D914967 /* SpearoGoApp.swift in Sources */ = {isa = PBXBuildFile; fileRef = A2C8CEFD345046BCADDB1630 /* SpearoGoApp.swift */; };
    54BD2B7E62F84BDDA2C6DDDA /* AppState.swift in Sources */ = {isa = PBXBuildFile; fileRef = A27B4BF7070747F9883E2AAE /* AppState.swift */; };
    CBF60B7AC54F422A81F39637 /* ContentView.swift in Sources */ = {isa = PBXBuildFile; fileRef = 9104E314BEDE4521822F8840 /* ContentView.swift */; };
    D020C857F4304E27A7B2B772 /* VerdictPage.swift in Sources */ = {isa = PBXBuildFile; fileRef = 966373788E31454D83338558 /* VerdictPage.swift */; };
    626C80953ED0477885B61E24 /* ConditionsPage.swift in Sources */ = {isa = PBXBuildFile; fileRef = 3371F498A25A454BBE8A7D3A /* ConditionsPage.swift */; };
    6CB5A873F5D149BC806D26A0 /* WaterPage.swift in Sources */ = {isa = PBXBuildFile; fileRef = 7BF41907B13D4403A4960FAB /* WaterPage.swift */; };
    AA3459EBCEF445D0AFB8F22A /* TidesPage.swift in Sources */ = {isa = PBXBuildFile; fileRef = D95DCC4253C94E7FA1027EF2 /* TidesPage.swift */; };
    B49FCC4D867540289157E812 /* FishActivityPage.swift in Sources */ = {isa = PBXBuildFile; fileRef = 3E06E5BE4E5848389141E0F7 /* FishActivityPage.swift */; };
    955A41936CD64687B720544D /* LocationsView.swift in Sources */ = {isa = PBXBuildFile; fileRef = 92272A89301A4A518AB5961D /* LocationsView.swift */; };
    4CFE612BE5F248888B0E2B4D /* WeatherData.swift in Sources */ = {isa = PBXBuildFile; fileRef = C213C5DDDBD64CD2A90AEB0A /* WeatherData.swift */; };
    484B7569BA924BB9A85ACFD1 /* MarineData.swift in Sources */ = {isa = PBXBuildFile; fileRef = E523F5D52DF94A5E91209198 /* MarineData.swift */; };
    82CCBB8ED1934EDC819505AE /* TideData.swift in Sources */ = {isa = PBXBuildFile; fileRef = 8491939D51A644BC9C62C1D8 /* TideData.swift */; };
    23BECC31A8004B6C9AB7570B /* SolunarData.swift in Sources */ = {isa = PBXBuildFile; fileRef = 0167EE6D8C8C43D495D7A683 /* SolunarData.swift */; };
    C17B9D25518A43589CD846E4 /* DiveScore.swift in Sources */ = {isa = PBXBuildFile; fileRef = EC7755C6F5F44D98A2869D4F /* DiveScore.swift */; };
    38F6A3022D7E4F48BE78B51F /* SavedLocation.swift in Sources */ = {isa = PBXBuildFile; fileRef = DA654FB4060743B1A33D57EC /* SavedLocation.swift */; };
    CAA91F6A2E864766A9B06F73 /* WeatherService.swift in Sources */ = {isa = PBXBuildFile; fileRef = 2453C000C3E346BEA885F965 /* WeatherService.swift */; };
    932272BBAA6C48D2ABDD2D75 /* MarineService.swift in Sources */ = {isa = PBXBuildFile; fileRef = B95AADA1156740C4BDA23331 /* MarineService.swift */; };
    D3F9239C037140F08ED2B0D0 /* TideService.swift in Sources */ = {isa = PBXBuildFile; fileRef = FFE3F6CD6E664A6D95A3098D /* TideService.swift */; };
    E6DCD6F91E424A97903A4964 /* SolunarService.swift in Sources */ = {isa = PBXBuildFile; fileRef = E98B697B3AEB49CFA8D71075 /* SolunarService.swift */; };
    6C47CAEAF9C846288AD207DC /* LocationService.swift in Sources */ = {isa = PBXBuildFile; fileRef = 18E375CCE7E6418AA53251E5 /* LocationService.swift */; };
    94D20F7A19014992885E93DB /* ScoreService.swift in Sources */ = {isa = PBXBuildFile; fileRef = EBB60A19422B43F484B0016F /* ScoreService.swift */; };
    2B8DD6CE9D8C4407A084249F /* CacheService.swift in Sources */ = {isa = PBXBuildFile; fileRef = 76DE44496CB14B10AADCBBBD /* CacheService.swift */; };
    E1EAC01B680C4DBDADE4CB91 /* Constants.swift in Sources */ = {isa = PBXBuildFile; fileRef = 15F7BB5436F54ED2B01EE426 /* Constants.swift */; };
    8F8A4BDC65184C1F807858D1 /* Brand.swift in Sources */ = {isa = PBXBuildFile; fileRef = B7EC38B052D3404EA15DC31A /* Brand.swift */; };
    3F44F2C27F154AB69AA52BAE /* Typography.swift in Sources */ = {isa = PBXBuildFile; fileRef = C6EC7F73AE3B461B896972F4 /* Typography.swift */; };
    A68416F523EC4E25819797D3 /* Modifiers.swift in Sources */ = {isa = PBXBuildFile; fileRef = 638F98DC79344917901EB376 /* Modifiers.swift */; };
    A5EFFDC4E3C74A74AC4AAED1 /* PersonalityCopy.swift in Sources */ = {isa = PBXBuildFile; fileRef = 406719ACED924ECC86CB36B6 /* PersonalityCopy.swift */; };
    4ACFE20FA3F442F2A83E0633 /* PreviewHelpers.swift in Sources */ = {isa = PBXBuildFile; fileRef = 1BCE8C6672654692BD5E5800 /* PreviewHelpers.swift */; };
    657EB5491EAC425EA9D03627 /* Assets.xcassets in Resources */ = {isa = PBXBuildFile; fileRef = 06B2DCD4AEE0449E9F5B8B99 /* Assets.xcassets */; };
/* End PBXBuildFile section */

/* Begin PBXFileReference section */
    6937DB995C94474EAF225477 /* SpearoGo.app */ = {isa = PBXFileReference; explicitFileType = wrapper.application; includeInIndex = 0; path = SpearoGo.app; sourceTree = BUILT_PRODUCTS_DIR; };
    A2C8CEFD345046BCADDB1630 /* SpearoGoApp.swift */ = {isa = PBXFileReference; lastKnownFileType = sourcecode.swift; path = SpearoGoApp.swift; sourceTree = "<group>"; };
    A27B4BF7070747F9883E2AAE /* AppState.swift */ = {isa = PBXFileReference; lastKnownFileType = sourcecode.swift; path = AppState.swift; sourceTree = "<group>"; };
    9104E314BEDE4521822F8840 /* ContentView.swift */ = {isa = PBXFileReference; lastKnownFileType = sourcecode.swift; path = ContentView.swift; sourceTree = "<group>"; };
    966373788E31454D83338558 /* VerdictPage.swift */ = {isa = PBXFileReference; lastKnownFileType = sourcecode.swift; path = VerdictPage.swift; sourceTree = "<group>"; };
    3371F498A25A454BBE8A7D3A /* ConditionsPage.swift */ = {isa = PBXFileReference; lastKnownFileType = sourcecode.swift; path = ConditionsPage.swift; sourceTree = "<group>"; };
    7BF41907B13D4403A4960FAB /* WaterPage.swift */ = {isa = PBXFileReference; lastKnownFileType = sourcecode.swift; path = WaterPage.swift; sourceTree = "<group>"; };
    D95DCC4253C94E7FA1027EF2 /* TidesPage.swift */ = {isa = PBXFileReference; lastKnownFileType = sourcecode.swift; path = TidesPage.swift; sourceTree = "<group>"; };
    3E06E5BE4E5848389141E0F7 /* FishActivityPage.swift */ = {isa = PBXFileReference; lastKnownFileType = sourcecode.swift; path = FishActivityPage.swift; sourceTree = "<group>"; };
    92272A89301A4A518AB5961D /* LocationsView.swift */ = {isa = PBXFileReference; lastKnownFileType = sourcecode.swift; path = LocationsView.swift; sourceTree = "<group>"; };
    C213C5DDDBD64CD2A90AEB0A /* WeatherData.swift */ = {isa = PBXFileReference; lastKnownFileType = sourcecode.swift; path = WeatherData.swift; sourceTree = "<group>"; };
    E523F5D52DF94A5E91209198 /* MarineData.swift */ = {isa = PBXFileReference; lastKnownFileType = sourcecode.swift; path = MarineData.swift; sourceTree = "<group>"; };
    8491939D51A644BC9C62C1D8 /* TideData.swift */ = {isa = PBXFileReference; lastKnownFileType = sourcecode.swift; path = TideData.swift; sourceTree = "<group>"; };
    0167EE6D8C8C43D495D7A683 /* SolunarData.swift */ = {isa = PBXFileReference; lastKnownFileType = sourcecode.swift; path = SolunarData.swift; sourceTree = "<group>"; };
    EC7755C6F5F44D98A2869D4F /* DiveScore.swift */ = {isa = PBXFileReference; lastKnownFileType = sourcecode.swift; path = DiveScore.swift; sourceTree = "<group>"; };
    DA654FB4060743B1A33D57EC /* SavedLocation.swift */ = {isa = PBXFileReference; lastKnownFileType = sourcecode.swift; path = SavedLocation.swift; sourceTree = "<group>"; };
    2453C000C3E346BEA885F965 /* WeatherService.swift */ = {isa = PBXFileReference; lastKnownFileType = sourcecode.swift; path = WeatherService.swift; sourceTree = "<group>"; };
    B95AADA1156740C4BDA23331 /* MarineService.swift */ = {isa = PBXFileReference; lastKnownFileType = sourcecode.swift; path = MarineService.swift; sourceTree = "<group>"; };
    FFE3F6CD6E664A6D95A3098D /* TideService.swift */ = {isa = PBXFileReference; lastKnownFileType = sourcecode.swift; path = TideService.swift; sourceTree = "<group>"; };
    E98B697B3AEB49CFA8D71075 /* SolunarService.swift */ = {isa = PBXFileReference; lastKnownFileType = sourcecode.swift; path = SolunarService.swift; sourceTree = "<group>"; };
    18E375CCE7E6418AA53251E5 /* LocationService.swift */ = {isa = PBXFileReference; lastKnownFileType = sourcecode.swift; path = LocationService.swift; sourceTree = "<group>"; };
    EBB60A19422B43F484B0016F /* ScoreService.swift */ = {isa = PBXFileReference; lastKnownFileType = sourcecode.swift; path = ScoreService.swift; sourceTree = "<group>"; };
    76DE44496CB14B10AADCBBBD /* CacheService.swift */ = {isa = PBXFileReference; lastKnownFileType = sourcecode.swift; path = CacheService.swift; sourceTree = "<group>"; };
    15F7BB5436F54ED2B01EE426 /* Constants.swift */ = {isa = PBXFileReference; lastKnownFileType = sourcecode.swift; path = Constants.swift; sourceTree = "<group>"; };
    B7EC38B052D3404EA15DC31A /* Brand.swift */ = {isa = PBXFileReference; lastKnownFileType = sourcecode.swift; path = Brand.swift; sourceTree = "<group>"; };
    C6EC7F73AE3B461B896972F4 /* Typography.swift */ = {isa = PBXFileReference; lastKnownFileType = sourcecode.swift; path = Typography.swift; sourceTree = "<group>"; };
    638F98DC79344917901EB376 /* Modifiers.swift */ = {isa = PBXFileReference; lastKnownFileType = sourcecode.swift; path = Modifiers.swift; sourceTree = "<group>"; };
    406719ACED924ECC86CB36B6 /* PersonalityCopy.swift */ = {isa = PBXFileReference; lastKnownFileType = sourcecode.swift; path = PersonalityCopy.swift; sourceTree = "<group>"; };
    1BCE8C6672654692BD5E5800 /* PreviewHelpers.swift */ = {isa = PBXFileReference; lastKnownFileType = sourcecode.swift; path = PreviewHelpers.swift; sourceTree = "<group>"; };
    06B2DCD4AEE0449E9F5B8B99 /* Assets.xcassets */ = {isa = PBXFileReference; lastKnownFileType = folder.assetcatalog; path = Assets.xcassets; sourceTree = "<group>"; };
/* End PBXFileReference section */

/* Begin PBXFrameworksBuildPhase section */
    1C96B638DC154D46AC8FFFF7 /* Frameworks */ = {
        isa = PBXFrameworksBuildPhase;
        buildActionMask = 2147483647;
        files = (
        );
        runOnlyForDeploymentPostprocessing = 0;
    };
/* End PBXFrameworksBuildPhase section */

/* Begin PBXGroup section */
    FF63F6159C0C487E8D8D25AC = {
        isa = PBXGroup;
        children = (
            A2C8CEFD345046BCADDB1630 /* SpearoGoApp.swift */,
            A27B4BF7070747F9883E2AAE /* AppState.swift */,
            9104E314BEDE4521822F8840 /* ContentView.swift */,
            06B2DCD4AEE0449E9F5B8B99 /* Assets.xcassets */,
            2A531D34AFF64BCFA6107FF2 /* Views */,
            19D97E5AFB4D4F369C6CD52B /* Models */,
            0D7C4EFD2E4F48C6A48FA812 /* Services */,
            0F1315A16ED848F5980DE9AA /* Utils */,
            1A319AD59501465197752CA4 /* Products */,
        );
        sourceTree = "<group>";
    };
    1A319AD59501465197752CA4 /* Products */ = {
        isa = PBXGroup;
        children = (
            6937DB995C94474EAF225477 /* SpearoGo.app */,
        );
        name = Products;
        sourceTree = "<group>";
    };
    2A531D34AFF64BCFA6107FF2 /* Views */ = {
        isa = PBXGroup;
        children = (
            966373788E31454D83338558 /* VerdictPage.swift */,
            3371F498A25A454BBE8A7D3A /* ConditionsPage.swift */,
            7BF41907B13D4403A4960FAB /* WaterPage.swift */,
            D95DCC4253C94E7FA1027EF2 /* TidesPage.swift */,
            3E06E5BE4E5848389141E0F7 /* FishActivityPage.swift */,
            92272A89301A4A518AB5961D /* LocationsView.swift */,
        );
        name = Views;
        path = "Views";
        sourceTree = "<group>";
    };
    19D97E5AFB4D4F369C6CD52B /* Models */ = {
        isa = PBXGroup;
        children = (
            C213C5DDDBD64CD2A90AEB0A /* WeatherData.swift */,
            E523F5D52DF94A5E91209198 /* MarineData.swift */,
            8491939D51A644BC9C62C1D8 /* TideData.swift */,
            0167EE6D8C8C43D495D7A683 /* SolunarData.swift */,
            EC7755C6F5F44D98A2869D4F /* DiveScore.swift */,
            DA654FB4060743B1A33D57EC /* SavedLocation.swift */,
        );
        name = Models;
        path = "Models";
        sourceTree = "<group>";
    };
    0D7C4EFD2E4F48C6A48FA812 /* Services */ = {
        isa = PBXGroup;
        children = (
            2453C000C3E346BEA885F965 /* WeatherService.swift */,
            B95AADA1156740C4BDA23331 /* MarineService.swift */,
            FFE3F6CD6E664A6D95A3098D /* TideService.swift */,
            E98B697B3AEB49CFA8D71075 /* SolunarService.swift */,
            18E375CCE7E6418AA53251E5 /* LocationService.swift */,
            EBB60A19422B43F484B0016F /* ScoreService.swift */,
            76DE44496CB14B10AADCBBBD /* CacheService.swift */,
        );
        name = Services;
        path = "Services";
        sourceTree = "<group>";
    };
    0F1315A16ED848F5980DE9AA /* Utils */ = {
        isa = PBXGroup;
        children = (
            15F7BB5436F54ED2B01EE426 /* Constants.swift */,
            B7EC38B052D3404EA15DC31A /* Brand.swift */,
            C6EC7F73AE3B461B896972F4 /* Typography.swift */,
            638F98DC79344917901EB376 /* Modifiers.swift */,
            406719ACED924ECC86CB36B6 /* PersonalityCopy.swift */,
            1BCE8C6672654692BD5E5800 /* PreviewHelpers.swift */,
        );
        name = Utils;
        path = "Utils";
        sourceTree = "<group>";
    };
/* End PBXGroup section */

/* Begin PBXNativeTarget section */
    F6F4E2E6E11647DFA52AB510 /* SpearoGo */ = {
        isa = PBXNativeTarget;
        buildConfigurationList = 82376164FB454A969BE36FE9 /* Build configuration list for PBXNativeTarget "SpearoGo" */;
        buildPhases = (
            B91C3D66A6F14D8DA4EA52AD /* Sources */,
            1C96B638DC154D46AC8FFFF7 /* Frameworks */,
            6A066C074C814B23A8714809 /* Resources */,
        );
        buildRules = (
        );
        dependencies = (
        );
        name = SpearoGo;
        productName = SpearoGo;
        productReference = 6937DB995C94474EAF225477 /* SpearoGo.app */;
        productType = "com.apple.product-type.application";
    };
/* End PBXNativeTarget section */

/* Begin PBXProject section */
    24885EE1D0CD42029BDA326E /* Project object */ = {
        isa = PBXProject;
        attributes = {
            BuildIndependentTargetsInParallel = 1;
            LastSwiftUpdateCheck = 1500;
            LastUpgradeCheck = 1500;
            TargetAttributes = {
                F6F4E2E6E11647DFA52AB510 = {
                    CreatedOnToolsVersion = 15.0;
                };
            };
        };
        buildConfigurationList = 83FF786844D343759E9C2342 /* Build configuration list for PBXProject "SpearoGo" */;
        compatibilityVersion = "Xcode 14.0";
        developmentRegion = en;
        hasScannedForEncodings = 0;
        knownRegions = (
            en,
            Base,
        );
        mainGroup = FF63F6159C0C487E8D8D25AC;
        productRefGroup = 1A319AD59501465197752CA4 /* Products */;
        projectDirPath = "";
        projectRoot = "";
        targets = (
            F6F4E2E6E11647DFA52AB510 /* SpearoGo */,
        );
    };
/* End PBXProject section */

/* Begin PBXResourcesBuildPhase section */
    6A066C074C814B23A8714809 /* Resources */ = {
        isa = PBXResourcesBuildPhase;
        buildActionMask = 2147483647;
        files = (
            657EB5491EAC425EA9D03627 /* Assets.xcassets in Resources */,
        );
        runOnlyForDeploymentPostprocessing = 0;
    };
/* End PBXResourcesBuildPhase section */

/* Begin PBXSourcesBuildPhase section */
    B91C3D66A6F14D8DA4EA52AD /* Sources */ = {
        isa = PBXSourcesBuildPhase;
        buildActionMask = 2147483647;
        files = (
            BFFB8C4E31BC47E58D914967 /* SpearoGoApp.swift in Sources */,
            54BD2B7E62F84BDDA2C6DDDA /* AppState.swift in Sources */,
            CBF60B7AC54F422A81F39637 /* ContentView.swift in Sources */,
            D020C857F4304E27A7B2B772 /* VerdictPage.swift in Sources */,
            626C80953ED0477885B61E24 /* ConditionsPage.swift in Sources */,
            6CB5A873F5D149BC806D26A0 /* WaterPage.swift in Sources */,
            AA3459EBCEF445D0AFB8F22A /* TidesPage.swift in Sources */,
            B49FCC4D867540289157E812 /* FishActivityPage.swift in Sources */,
            955A41936CD64687B720544D /* LocationsView.swift in Sources */,
            4CFE612BE5F248888B0E2B4D /* WeatherData.swift in Sources */,
            484B7569BA924BB9A85ACFD1 /* MarineData.swift in Sources */,
            82CCBB8ED1934EDC819505AE /* TideData.swift in Sources */,
            23BECC31A8004B6C9AB7570B /* SolunarData.swift in Sources */,
            C17B9D25518A43589CD846E4 /* DiveScore.swift in Sources */,
            38F6A3022D7E4F48BE78B51F /* SavedLocation.swift in Sources */,
            CAA91F6A2E864766A9B06F73 /* WeatherService.swift in Sources */,
            932272BBAA6C48D2ABDD2D75 /* MarineService.swift in Sources */,
            D3F9239C037140F08ED2B0D0 /* TideService.swift in Sources */,
            E6DCD6F91E424A97903A4964 /* SolunarService.swift in Sources */,
            6C47CAEAF9C846288AD207DC /* LocationService.swift in Sources */,
            94D20F7A19014992885E93DB /* ScoreService.swift in Sources */,
            2B8DD6CE9D8C4407A084249F /* CacheService.swift in Sources */,
            E1EAC01B680C4DBDADE4CB91 /* Constants.swift in Sources */,
            8F8A4BDC65184C1F807858D1 /* Brand.swift in Sources */,
            3F44F2C27F154AB69AA52BAE /* Typography.swift in Sources */,
            A68416F523EC4E25819797D3 /* Modifiers.swift in Sources */,
            A5EFFDC4E3C74A74AC4AAED1 /* PersonalityCopy.swift in Sources */,
            4ACFE20FA3F442F2A83E0633 /* PreviewHelpers.swift in Sources */,
        );
        runOnlyForDeploymentPostprocessing = 0;
    };
/* End PBXSourcesBuildPhase section */

/* Begin XCBuildConfiguration section */
    D6C7D0E0156E497BAB5704A4 /* Debug */ = {
        isa = XCBuildConfiguration;
        buildSettings = {
            ALWAYS_SEARCH_USER_PATHS = NO;
            CLANG_ANALYZER_NONNULL = YES;
            CLANG_ANALYZER_NUMBER_OBJECT_CONVERSION = YES_AGGRESSIVE;
            CLANG_CXX_LANGUAGE_STANDARD = "gnu++20";
            CLANG_ENABLE_MODULES = YES;
            CLANG_ENABLE_OBJC_ARC = YES;
            CLANG_ENABLE_OBJC_WEAK = YES;
            CLANG_WARN_BLOCK_CAPTURE_AUTORELEASING = YES;
            CLANG_WARN_BOOL_CONVERSION = YES;
            CLANG_WARN_COMMA = YES;
            CLANG_WARN_CONSTANT_CONVERSION = YES;
            CLANG_WARN_DEPRECATED_OBJC_IMPLEMENTATIONS = YES;
            CLANG_WARN_DIRECT_OBJC_ISA_USAGE = YES_ERROR;
            CLANG_WARN_DOCUMENTATION_COMMENTS = YES;
            CLANG_WARN_EMPTY_BODY = YES;
            CLANG_WARN_ENUM_CONVERSION = YES;
            CLANG_WARN_INFINITE_RECURSION = YES;
            CLANG_WARN_INT_CONVERSION = YES;
            CLANG_WARN_NON_LITERAL_NULL_CONVERSION = YES;
            CLANG_WARN_OBJC_IMPLICIT_RETAIN_SELF = YES;
            CLANG_WARN_OBJC_LITERAL_CONVERSION = YES;
            CLANG_WARN_OBJC_ROOT_CLASS = YES_ERROR;
            CLANG_WARN_QUOTED_INCLUDE_IN_FRAMEWORK_HEADER = YES;
            CLANG_WARN_RANGE_LOOP_ANALYSIS = YES;
            CLANG_WARN_STRICT_PROTOTYPES = YES;
            CLANG_WARN_SUSPICIOUS_MOVE = YES;
            CLANG_WARN_UNGUARDED_AVAILABILITY = YES_AGGRESSIVE;
            CLANG_WARN_UNREACHABLE_CODE = YES;
            CLANG_WARN__DUPLICATE_METHOD_MATCH = YES;
            GCC_C_LANGUAGE_STANDARD = gnu17;
            GCC_WARN_64_TO_32_BIT_CONVERSION = YES;
            GCC_WARN_ABOUT_RETURN_TYPE = YES_ERROR;
            GCC_WARN_UNDECLARED_SELECTOR = YES;
            GCC_WARN_UNINITIALIZED_AUTOS = YES_AGGRESSIVE;
            GCC_WARN_UNUSED_FUNCTION = YES;
            GCC_WARN_UNUSED_VARIABLE = YES;
            SDKROOT = watchos;
            SWIFT_VERSION = 5.0;
            WATCHOS_DEPLOYMENT_TARGET = 10.0;
            DEBUG_INFORMATION_FORMAT = dwarf;
            ENABLE_TESTABILITY = YES;
            GCC_DYNAMIC_NO_PIC = NO;
            GCC_OPTIMIZATION_LEVEL = 0;
            GCC_PREPROCESSOR_DEFINITIONS = ("DEBUG=1", "$(inherited)",);
            MTL_ENABLE_DEBUG_INFO = INCLUDE_SOURCE;
            MTL_FAST_MATH = YES;
            ONLY_ACTIVE_ARCH = YES;
            SWIFT_ACTIVE_COMPILATION_CONDITIONS = DEBUG;
            SWIFT_OPTIMIZATION_LEVEL = "-Onone";
        };
        name = Debug;
    };
    E695D5EAFC7D4676BBD26196 /* Release */ = {
        isa = XCBuildConfiguration;
        buildSettings = {
            ALWAYS_SEARCH_USER_PATHS = NO;
            CLANG_ANALYZER_NONNULL = YES;
            CLANG_ANALYZER_NUMBER_OBJECT_CONVERSION = YES_AGGRESSIVE;
            CLANG_CXX_LANGUAGE_STANDARD = "gnu++20";
            CLANG_ENABLE_MODULES = YES;
            CLANG_ENABLE_OBJC_ARC = YES;
            CLANG_ENABLE_OBJC_WEAK = YES;
            CLANG_WARN_BLOCK_CAPTURE_AUTORELEASING = YES;
            CLANG_WARN_BOOL_CONVERSION = YES;
            CLANG_WARN_COMMA = YES;
            CLANG_WARN_CONSTANT_CONVERSION = YES;
            CLANG_WARN_DEPRECATED_OBJC_IMPLEMENTATIONS = YES;
            CLANG_WARN_DIRECT_OBJC_ISA_USAGE = YES_ERROR;
            CLANG_WARN_DOCUMENTATION_COMMENTS = YES;
            CLANG_WARN_EMPTY_BODY = YES;
            CLANG_WARN_ENUM_CONVERSION = YES;
            CLANG_WARN_INFINITE_RECURSION = YES;
            CLANG_WARN_INT_CONVERSION = YES;
            CLANG_WARN_NON_LITERAL_NULL_CONVERSION = YES;
            CLANG_WARN_OBJC_IMPLICIT_RETAIN_SELF = YES;
            CLANG_WARN_OBJC_LITERAL_CONVERSION = YES;
            CLANG_WARN_OBJC_ROOT_CLASS = YES_ERROR;
            CLANG_WARN_QUOTED_INCLUDE_IN_FRAMEWORK_HEADER = YES;
            CLANG_WARN_RANGE_LOOP_ANALYSIS = YES;
            CLANG_WARN_STRICT_PROTOTYPES = YES;
            CLANG_WARN_SUSPICIOUS_MOVE = YES;
            CLANG_WARN_UNGUARDED_AVAILABILITY = YES_AGGRESSIVE;
            CLANG_WARN_UNREACHABLE_CODE = YES;
            CLANG_WARN__DUPLICATE_METHOD_MATCH = YES;
            GCC_C_LANGUAGE_STANDARD = gnu17;
            GCC_WARN_64_TO_32_BIT_CONVERSION = YES;
            GCC_WARN_ABOUT_RETURN_TYPE = YES_ERROR;
            GCC_WARN_UNDECLARED_SELECTOR = YES;
            GCC_WARN_UNINITIALIZED_AUTOS = YES_AGGRESSIVE;
            GCC_WARN_UNUSED_FUNCTION = YES;
            GCC_WARN_UNUSED_VARIABLE = YES;
            SDKROOT = watchos;
            SWIFT_VERSION = 5.0;
            WATCHOS_DEPLOYMENT_TARGET = 10.0;
            COPY_PHASE_STRIP = NO;
            DEBUG_INFORMATION_FORMAT = "dwarf-with-dsym";
            ENABLE_NS_ASSERTIONS = NO;
            MTL_FAST_MATH = YES;
            SWIFT_COMPILATION_MODE = wholemodule;
            SWIFT_OPTIMIZATION_LEVEL = "-O";
            VALIDATE_PRODUCT = YES;
        };
        name = Release;
    };
    6949DFBDFC29433FA96163F0 /* Debug */ = {
        isa = XCBuildConfiguration;
        buildSettings = {
            ASSETCATALOG_COMPILER_APPICON_NAME = AppIcon;
            ASSETCATALOG_COMPILER_GLOBAL_ACCENT_COLOR_NAME = OceanBlue;
            CODE_SIGN_STYLE = Automatic;
            CURRENT_PROJECT_VERSION = 1;
            ENABLE_PREVIEWS = YES;
            GENERATE_INFOPLIST_FILE = NO;
            INFOPLIST_FILE = SpearoGo/Info.plist;
            MARKETING_VERSION = 1.0.0;
            PRODUCT_BUNDLE_IDENTIFIER = agency.visivo.SpearoGo;
            PRODUCT_NAME = $(TARGET_NAME);
            SKIP_INSTALL = YES;
            SWIFT_EMIT_LOC_STRINGS = YES;
            SWIFT_VERSION = 5.0;
            TARGETED_DEVICE_FAMILY = 4;
            WATCHOS_DEPLOYMENT_TARGET = 10.0;
            SWIFT_ACTIVE_COMPILATION_CONDITIONS = DEBUG;
        };
        name = Debug;
    };
    FBD59E3D134C4BB591988CCA /* Release */ = {
        isa = XCBuildConfiguration;
        buildSettings = {
            ASSETCATALOG_COMPILER_APPICON_NAME = AppIcon;
            ASSETCATALOG_COMPILER_GLOBAL_ACCENT_COLOR_NAME = OceanBlue;
            CODE_SIGN_STYLE = Automatic;
            CURRENT_PROJECT_VERSION = 1;
            ENABLE_PREVIEWS = YES;
            GENERATE_INFOPLIST_FILE = NO;
            INFOPLIST_FILE = SpearoGo/Info.plist;
            MARKETING_VERSION = 1.0.0;
            PRODUCT_BUNDLE_IDENTIFIER = agency.visivo.SpearoGo;
            PRODUCT_NAME = $(TARGET_NAME);
            SKIP_INSTALL = YES;
            SWIFT_EMIT_LOC_STRINGS = YES;
            SWIFT_VERSION = 5.0;
            TARGETED_DEVICE_FAMILY = 4;
            WATCHOS_DEPLOYMENT_TARGET = 10.0;
        };
        name = Release;
    };
/* End XCBuildConfiguration section */

/* Begin XCConfigurationList section */
    83FF786844D343759E9C2342 /* Build configuration list for PBXProject "SpearoGo" */ = {
        isa = XCConfigurationList;
        buildConfigurations = (
            D6C7D0E0156E497BAB5704A4 /* Debug */,
            E695D5EAFC7D4676BBD26196 /* Release */,
        );
        defaultConfigurationIsVisible = 0;
        defaultConfigurationName = Release;
    };
    82376164FB454A969BE36FE9 /* Build configuration list for PBXNativeTarget "SpearoGo" */ = {
        isa = XCConfigurationList;
        buildConfigurations = (
            6949DFBDFC29433FA96163F0 /* Debug */,
            FBD59E3D134C4BB591988CCA /* Release */,
        );
        defaultConfigurationIsVisible = 0;
        defaultConfigurationName = Release;
    };
/* End XCConfigurationList section */

  };
  rootObject = 24885EE1D0CD42029BDA326E /* Project object */;
}