// !$*UTF8*$!
{
  archiveVersion = 1;
  classes = {};
  objectVersion = 56;
  objects = {

/* Begin PBXBuildFile section */
    1E94D970DA5240618A4E73F7 /* SpearoGoApp.swift in Sources */ = {isa = PBXBuildFile; fileRef = 5BAA0EB347884850BE5F125D /* SpearoGoApp.swift */; };
    024041C88E9B42A8A16417B1 /* AppState.swift in Sources */ = {isa = PBXBuildFile; fileRef = E3EDCDF671F948E5A80BB78A /* AppState.swift */; };
    58F9A7C9264944A48C73FD52 /* ContentView.swift in Sources */ = {isa = PBXBuildFile; fileRef = 15938557970F4600AD8CC20A /* ContentView.swift */; };
    0D8571956417457081B0744E /* VerdictPage.swift in Sources */ = {isa = PBXBuildFile; fileRef = 986519087C1E41D7ABEDC02E /* VerdictPage.swift */; };
    10529A0BE456452E845216FA /* ConditionsPage.swift in Sources */ = {isa = PBXBuildFile; fileRef = 81DB93B94F75494D85B22C95 /* ConditionsPage.swift */; };
    A1B1192A1EBE459BABB588A5 /* WaterPage.swift in Sources */ = {isa = PBXBuildFile; fileRef = 5E95A0659F9841A6A9A20E2C /* WaterPage.swift */; };
    FC49646ADAF84082BD25E817 /* TidesPage.swift in Sources */ = {isa = PBXBuildFile; fileRef = ABB54140224B4A50991CF509 /* TidesPage.swift */; };
    A09BC890400D47C8A17FE70C /* TodayPage.swift in Sources */ = {isa = PBXBuildFile; fileRef = 8D86D9A06CB9446786675AF8 /* TodayPage.swift */; };
    D1842D1B624E429887EB37D9 /* FishActivityPage.swift in Sources */ = {isa = PBXBuildFile; fileRef = A86E4047A83D46EFBD138470 /* FishActivityPage.swift */; };
    DFCFBA47FC06413D9E258000 /* LocationsView.swift in Sources */ = {isa = PBXBuildFile; fileRef = 4D589F73DCCE4A2780BD9F41 /* LocationsView.swift */; };
    8263B1D21DC140D6B7D4F494 /* OnboardingView.swift in Sources */ = {isa = PBXBuildFile; fileRef = 5DE5860D7E9048CAA4D78E0D /* OnboardingView.swift */; };
    B3DB7F0A73A14D008CF35DA9 /* PrivacyPolicyView.swift in Sources */ = {isa = PBXBuildFile; fileRef = 4D643F0A03B4446D8E20187D /* PrivacyPolicyView.swift */; };
    D223989429524852B95B47CC /* WeatherData.swift in Sources */ = {isa = PBXBuildFile; fileRef = 502220DE7B3B4E089663EB4C /* WeatherData.swift */; };
    8BACEE1E9D924C55BD1B215E /* MarineData.swift in Sources */ = {isa = PBXBuildFile; fileRef = 78A63813F3FE47109AFBC92D /* MarineData.swift */; };
    E03CBB7368564C19B150FBD4 /* TideData.swift in Sources */ = {isa = PBXBuildFile; fileRef = 1EEAC9CA8EF8400191F4AECD /* TideData.swift */; };
    C6A0EB3A49D24BF799E6853A /* SolunarData.swift in Sources */ = {isa = PBXBuildFile; fileRef = 998CF42F6C554809A8272676 /* SolunarData.swift */; };
    7C94E103C39B46E38C8C902A /* DiveScore.swift in Sources */ = {isa = PBXBuildFile; fileRef = 1958CE585EF84F4E8CD7F7F1 /* DiveScore.swift */; };
    006C9712E9F8481FAA613F32 /* SavedLocation.swift in Sources */ = {isa = PBXBuildFile; fileRef = A6B846B29B144E03A92F2D1C /* SavedLocation.swift */; };
    2074C896FA134AEFB10E87CB /* SharedScore.swift in Sources */ = {isa = PBXBuildFile; fileRef = 34131B4ED3274ADF975D1CF5 /* SharedScore.swift */; };
    C20E73BA46EF43CD842304B8 /* WeatherService.swift in Sources */ = {isa = PBXBuildFile; fileRef = 82E09EEE0F664B3BA5917BF9 /* WeatherService.swift */; };
    239362F685684A399D7ECF93 /* MarineService.swift in Sources */ = {isa = PBXBuildFile; fileRef = 929C0AC68783420D8E9F42E5 /* MarineService.swift */; };
    56F78AFA98184B0A98D495FE /* TideService.swift in Sources */ = {isa = PBXBuildFile; fileRef = 1E044C3608334CA9BD17EA7F /* TideService.swift */; };
    9BFF13DC0F42449B945012A7 /* SolunarService.swift in Sources */ = {isa = PBXBuildFile; fileRef = 4EF0C7D351984CAB9EB1C5F5 /* SolunarService.swift */; };
    87FF6C483C9E41D0949138AF /* LocationService.swift in Sources */ = {isa = PBXBuildFile; fileRef = D55EAF4072674D4AB13769DB /* LocationService.swift */; };
    9A0C4543FCE742FAA7D0143B /* ScoreService.swift in Sources */ = {isa = PBXBuildFile; fileRef = B0F9AA12DD834CFC98CA4E75 /* ScoreService.swift */; };
    7C0ED03E98C941F68AFAE3A3 /* CacheService.swift in Sources */ = {isa = PBXBuildFile; fileRef = 18D73554FC764E6D88C92855 /* CacheService.swift */; };
    857D4B216C97479BB0E2B409 /* Constants.swift in Sources */ = {isa = PBXBuildFile; fileRef = 7A45EA761759499E95763B41 /* Constants.swift */; };
    9967799363DF4D9796E9AA95 /* Brand.swift in Sources */ = {isa = PBXBuildFile; fileRef = 8C9BDD8C26FE4F5EB128E2E9 /* Brand.swift */; };
    9686CA62D21C4075967CD827 /* Typography.swift in Sources */ = {isa = PBXBuildFile; fileRef = 6439824F638E41D19594917D /* Typography.swift */; };
    C2C094F45CDA44BDA2E54993 /* Modifiers.swift in Sources */ = {isa = PBXBuildFile; fileRef = ECBFB75691394E0A8FDCBEFE /* Modifiers.swift */; };
    F0ED63B54DDB4E7C808BC7F8 /* PersonalityCopy.swift in Sources */ = {isa = PBXBuildFile; fileRef = B56D199CA87C4FA697D0503E /* PersonalityCopy.swift */; };
    ED900EBCE2B7496889E9AA69 /* PreviewHelpers.swift in Sources */ = {isa = PBXBuildFile; fileRef = 2EECDEB43E504910B8B46CF6 /* PreviewHelpers.swift */; };
    681F6C94F76F41C282B608E1 /* Assets.xcassets in Resources */ = {isa = PBXBuildFile; fileRef = 80BCF82B92444533A472C125 /* Assets.xcassets */; };
    3E438F743986446F810262F3 /* PrivacyInfo.xcprivacy in Resources */ = {isa = PBXBuildFile; fileRef = 8A41A994A77E4096855179D7 /* PrivacyInfo.xcprivacy */; };
    55808D0993B74A6F913A58F1 /* SpearoGoiOSApp.swift in Sources */ = {isa = PBXBuildFile; fileRef = C41BF6D47F2E4F458CF3308D /* SpearoGoiOSApp.swift */; };
    10254F9F6A41499796CD8235 /* Assets.xcassets in Resources */ = {isa = PBXBuildFile; fileRef = D970562332D14443A9880832 /* Assets.xcassets */; };
    0FDC639BC8E04C30A23B9487 /* SpearoGo Watch App.app in Embed Watch Content */ = {isa = PBXBuildFile; fileRef = 7263E0A6D609453DBA993007 /* SpearoGo Watch App.app */; settings = {ATTRIBUTES = (RemoveHeadersOnCopy, ); }; };
/* End PBXBuildFile section */

/* Begin PBXContainerItemProxy section */
    AA4039967CA44993B7537344 /* PBXContainerItemProxy */ = {
        isa = PBXContainerItemProxy;
        containerPortal = DBA861BCCC53449FBA038ED7 /* Project object */;
        proxyType = 1;
        remoteGlobalIDString = 823F3F1C508842E78037BA70;
        remoteInfo = "SpearoGo Watch App";
    };
/* End PBXContainerItemProxy section */

/* Begin PBXCopyFilesBuildPhase section */
    2CCC6A6CDB3A44B08FD52356 /* Embed Watch Content */ = {
        isa = PBXCopyFilesBuildPhase;
        buildActionMask = 2147483647;
        dstPath = "$(CONTENTS_FOLDER_PATH)/Watch";
        dstSubfolderSpec = 16;
        files = (
            0FDC639BC8E04C30A23B9487 /* SpearoGo Watch App.app in Embed Watch Content */,
        );
        name = "Embed Watch Content";
        runOnlyForDeploymentPostprocessing = 0;
    };
/* End PBXCopyFilesBuildPhase section */

/* Begin PBXFileReference section */
    77D152E4B335431DBED80C0F /* SpearoGo.app */ = {isa = PBXFileReference; explicitFileType = wrapper.application; includeInIndex = 0; path = "SpearoGo.app"; sourceTree = BUILT_PRODUCTS_DIR; };
    7263E0A6D609453DBA993007 /* SpearoGo Watch App.app */ = {isa = PBXFileReference; explicitFileType = wrapper.application; includeInIndex = 0; path = "SpearoGo Watch App.app"; sourceTree = BUILT_PRODUCTS_DIR; };
    C41BF6D47F2E4F458CF3308D /* SpearoGoiOSApp.swift */ = {isa = PBXFileReference; lastKnownFileType = sourcecode.swift; path = SpearoGoiOSApp.swift; sourceTree = "<group>"; };
    D970562332D14443A9880832 /* Assets.xcassets */ = {isa = PBXFileReference; lastKnownFileType = folder.assetcatalog; path = Assets.xcassets; sourceTree = "<group>"; };
    DB88EE7B14184126964ADA64 /* Info.plist */ = {isa = PBXFileReference; lastKnownFileType = text.plist.xml; path = Info.plist; sourceTree = "<group>"; };
    5BAA0EB347884850BE5F125D /* SpearoGoApp.swift */ = {isa = PBXFileReference; lastKnownFileType = sourcecode.swift; path = SpearoGoApp.swift; sourceTree = "<group>"; };
    E3EDCDF671F948E5A80BB78A /* AppState.swift */ = {isa = PBXFileReference; lastKnownFileType = sourcecode.swift; path = AppState.swift; sourceTree = "<group>"; };
    15938557970F4600AD8CC20A /* ContentView.swift */ = {isa = PBXFileReference; lastKnownFileType = sourcecode.swift; path = ContentView.swift; sourceTree = "<group>"; };
    986519087C1E41D7ABEDC02E /* VerdictPage.swift */ = {isa = PBXFileReference; lastKnownFileType = sourcecode.swift; path = VerdictPage.swift; sourceTree = "<group>"; };
    81DB93B94F75494D85B22C95 /* ConditionsPage.swift */ = {isa = PBXFileReference; lastKnownFileType = sourcecode.swift; path = ConditionsPage.swift; sourceTree = "<group>"; };
    5E95A0659F9841A6A9A20E2C /* WaterPage.swift */ = {isa = PBXFileReference; lastKnownFileType = sourcecode.swift; path = WaterPage.swift; sourceTree = "<group>"; };
    ABB54140224B4A50991CF509 /* TidesPage.swift */ = {isa = PBXFileReference; lastKnownFileType = sourcecode.swift; path = TidesPage.swift; sourceTree = "<group>"; };
    8D86D9A06CB9446786675AF8 /* TodayPage.swift */ = {isa = PBXFileReference; lastKnownFileType = sourcecode.swift; path = TodayPage.swift; sourceTree = "<group>"; };
    A86E4047A83D46EFBD138470 /* FishActivityPage.swift */ = {isa = PBXFileReference; lastKnownFileType = sourcecode.swift; path = FishActivityPage.swift; sourceTree = "<group>"; };
    4D589F73DCCE4A2780BD9F41 /* LocationsView.swift */ = {isa = PBXFileReference; lastKnownFileType = sourcecode.swift; path = LocationsView.swift; sourceTree = "<group>"; };
    5DE5860D7E9048CAA4D78E0D /* OnboardingView.swift */ = {isa = PBXFileReference; lastKnownFileType = sourcecode.swift; path = OnboardingView.swift; sourceTree = "<group>"; };
    4D643F0A03B4446D8E20187D /* PrivacyPolicyView.swift */ = {isa = PBXFileReference; lastKnownFileType = sourcecode.swift; path = PrivacyPolicyView.swift; sourceTree = "<group>"; };
    502220DE7B3B4E089663EB4C /* WeatherData.swift */ = {isa = PBXFileReference; lastKnownFileType = sourcecode.swift; path = WeatherData.swift; sourceTree = "<group>"; };
    78A63813F3FE47109AFBC92D /* MarineData.swift */ = {isa = PBXFileReference; lastKnownFileType = sourcecode.swift; path = MarineData.swift; sourceTree = "<group>"; };
    1EEAC9CA8EF8400191F4AECD /* TideData.swift */ = {isa = PBXFileReference; lastKnownFileType = sourcecode.swift; path = TideData.swift; sourceTree = "<group>"; };
    998CF42F6C554809A8272676 /* SolunarData.swift */ = {isa = PBXFileReference; lastKnownFileType = sourcecode.swift; path = SolunarData.swift; sourceTree = "<group>"; };
    1958CE585EF84F4E8CD7F7F1 /* DiveScore.swift */ = {isa = PBXFileReference; lastKnownFileType = sourcecode.swift; path = DiveScore.swift; sourceTree = "<group>"; };
    A6B846B29B144E03A92F2D1C /* SavedLocation.swift */ = {isa = PBXFileReference; lastKnownFileType = sourcecode.swift; path = SavedLocation.swift; sourceTree = "<group>"; };
    34131B4ED3274ADF975D1CF5 /* SharedScore.swift */ = {isa = PBXFileReference; lastKnownFileType = sourcecode.swift; path = SharedScore.swift; sourceTree = "<group>"; };
    82E09EEE0F664B3BA5917BF9 /* WeatherService.swift */ = {isa = PBXFileReference; lastKnownFileType = sourcecode.swift; path = WeatherService.swift; sourceTree = "<group>"; };
    929C0AC68783420D8E9F42E5 /* MarineService.swift */ = {isa = PBXFileReference; lastKnownFileType = sourcecode.swift; path = MarineService.swift; sourceTree = "<group>"; };
    1E044C3608334CA9BD17EA7F /* TideService.swift */ = {isa = PBXFileReference; lastKnownFileType = sourcecode.swift; path = TideService.swift; sourceTree = "<group>"; };
    4EF0C7D351984CAB9EB1C5F5 /* SolunarService.swift */ = {isa = PBXFileReference; lastKnownFileType = sourcecode.swift; path = SolunarService.swift; sourceTree = "<group>"; };
    D55EAF4072674D4AB13769DB /* LocationService.swift */ = {isa = PBXFileReference; lastKnownFileType = sourcecode.swift; path = LocationService.swift; sourceTree = "<group>"; };
    B0F9AA12DD834CFC98CA4E75 /* ScoreService.swift */ = {isa = PBXFileReference; lastKnownFileType = sourcecode.swift; path = ScoreService.swift; sourceTree = "<group>"; };
    18D73554FC764E6D88C92855 /* CacheService.swift */ = {isa = PBXFileReference; lastKnownFileType = sourcecode.swift; path = CacheService.swift; sourceTree = "<group>"; };
    7A45EA761759499E95763B41 /* Constants.swift */ = {isa = PBXFileReference; lastKnownFileType = sourcecode.swift; path = Constants.swift; sourceTree = "<group>"; };
    8C9BDD8C26FE4F5EB128E2E9 /* Brand.swift */ = {isa = PBXFileReference; lastKnownFileType = sourcecode.swift; path = Brand.swift; sourceTree = "<group>"; };
    6439824F638E41D19594917D /* Typography.swift */ = {isa = PBXFileReference; lastKnownFileType = sourcecode.swift; path = Typography.swift; sourceTree = "<group>"; };
    ECBFB75691394E0A8FDCBEFE /* Modifiers.swift */ = {isa = PBXFileReference; lastKnownFileType = sourcecode.swift; path = Modifiers.swift; sourceTree = "<group>"; };
    B56D199CA87C4FA697D0503E /* PersonalityCopy.swift */ = {isa = PBXFileReference; lastKnownFileType = sourcecode.swift; path = PersonalityCopy.swift; sourceTree = "<group>"; };
    2EECDEB43E504910B8B46CF6 /* PreviewHelpers.swift */ = {isa = PBXFileReference; lastKnownFileType = sourcecode.swift; path = PreviewHelpers.swift; sourceTree = "<group>"; };
    6119D9A84728422CAD1D0F4A /* SpearoGoWidget.swift */ = {isa = PBXFileReference; lastKnownFileType = sourcecode.swift; path = SpearoGoWidget.swift; sourceTree = "<group>"; };
    D7CB0AEF23214214A503B9A6 /* WidgetViews.swift */ = {isa = PBXFileReference; lastKnownFileType = sourcecode.swift; path = WidgetViews.swift; sourceTree = "<group>"; };
    80BCF82B92444533A472C125 /* Assets.xcassets */ = {isa = PBXFileReference; lastKnownFileType = folder.assetcatalog; path = Assets.xcassets; sourceTree = "<group>"; };
    8A41A994A77E4096855179D7 /* PrivacyInfo.xcprivacy */ = {isa = PBXFileReference; lastKnownFileType = text.xml; path = PrivacyInfo.xcprivacy; sourceTree = "<group>"; };
/* End PBXFileReference section */

/* Begin PBXFrameworksBuildPhase section */
    DD1C95A6E05945B1AD49A5C6 /* Frameworks */ = {
        isa = PBXFrameworksBuildPhase;
        buildActionMask = 2147483647;
        files = (
        );
        runOnlyForDeploymentPostprocessing = 0;
    };
    2D4AB9176A4E4F489B7121AB /* Frameworks */ = {
        isa = PBXFrameworksBuildPhase;
        buildActionMask = 2147483647;
        files = (
        );
        runOnlyForDeploymentPostprocessing = 0;
    };
/* End PBXFrameworksBuildPhase section */

/* Begin PBXGroup section */
    FD649B5351AD4B95B0798890 = {
        isa = PBXGroup;
        children = (
            1B6E75814EF447589CBE1269 /* SpearoGo */,
            2BBD37C2F88B4E1688357168 /* iOS Stub */,
            DB42B9081998449A91A6681E /* Products */,
        );
        sourceTree = "<group>";
    };
    1B6E75814EF447589CBE1269 /* SpearoGo */ = {
        isa = PBXGroup;
        children = (
            5BAA0EB347884850BE5F125D /* SpearoGoApp.swift */,
            E3EDCDF671F948E5A80BB78A /* AppState.swift */,
            15938557970F4600AD8CC20A /* ContentView.swift */,
            80BCF82B92444533A472C125 /* Assets.xcassets */,
            8A41A994A77E4096855179D7 /* PrivacyInfo.xcprivacy */,
            645B8348A68D48CCAC458780 /* Views */,
            9A2A473938D745E6AFA93749 /* Models */,
            E1C790AE05C6449AB6E97DC8 /* Services */,
            2DB11B9F117E4C10AEBD731E /* Utils */,
            859327CD07A640D48E19B899 /* Widget */,
        );
        path = SpearoGo;
        sourceTree = "<group>";
    };
    2BBD37C2F88B4E1688357168 /* iOS Stub */ = {
        isa = PBXGroup;
        children = (
            C41BF6D47F2E4F458CF3308D /* SpearoGoiOSApp.swift */,
            D970562332D14443A9880832 /* Assets.xcassets */,
            DB88EE7B14184126964ADA64 /* Info.plist */,
        );
        name = "iOS Stub";
        path = "SpearoGoiOS";
        sourceTree = "<group>";
    };
    DB42B9081998449A91A6681E /* Products */ = {
        isa = PBXGroup;
        children = (
            77D152E4B335431DBED80C0F /* SpearoGo.app */,
            7263E0A6D609453DBA993007 /* SpearoGo Watch App.app */,
        );
        name = Products;
        sourceTree = "<group>";
    };
    645B8348A68D48CCAC458780 /* Views */ = {
        isa = PBXGroup;
        children = (
            986519087C1E41D7ABEDC02E /* VerdictPage.swift */,
            81DB93B94F75494D85B22C95 /* ConditionsPage.swift */,
            5E95A0659F9841A6A9A20E2C /* WaterPage.swift */,
            ABB54140224B4A50991CF509 /* TidesPage.swift */,
            8D86D9A06CB9446786675AF8 /* TodayPage.swift */,
            A86E4047A83D46EFBD138470 /* FishActivityPage.swift */,
            4D589F73DCCE4A2780BD9F41 /* LocationsView.swift */,
            5DE5860D7E9048CAA4D78E0D /* OnboardingView.swift */,
            4D643F0A03B4446D8E20187D /* PrivacyPolicyView.swift */,
        );
        name = Views;
        path = "Views";
        sourceTree = "<group>";
    };
    9A2A473938D745E6AFA93749 /* Models */ = {
        isa = PBXGroup;
        children = (
            502220DE7B3B4E089663EB4C /* WeatherData.swift */,
            78A63813F3FE47109AFBC92D /* MarineData.swift */,
            1EEAC9CA8EF8400191F4AECD /* TideData.swift */,
            998CF42F6C554809A8272676 /* SolunarData.swift */,
            1958CE585EF84F4E8CD7F7F1 /* DiveScore.swift */,
            A6B846B29B144E03A92F2D1C /* SavedLocation.swift */,
            34131B4ED3274ADF975D1CF5 /* SharedScore.swift */,
        );
        name = Models;
        path = "Models";
        sourceTree = "<group>";
    };
    E1C790AE05C6449AB6E97DC8 /* Services */ = {
        isa = PBXGroup;
        children = (
            82E09EEE0F664B3BA5917BF9 /* WeatherService.swift */,
            929C0AC68783420D8E9F42E5 /* MarineService.swift */,
            1E044C3608334CA9BD17EA7F /* TideService.swift */,
            4EF0C7D351984CAB9EB1C5F5 /* SolunarService.swift */,
            D55EAF4072674D4AB13769DB /* LocationService.swift */,
            B0F9AA12DD834CFC98CA4E75 /* ScoreService.swift */,
            18D73554FC764E6D88C92855 /* CacheService.swift */,
        );
        name = Services;
        path = "Services";
        sourceTree = "<group>";
    };
    2DB11B9F117E4C10AEBD731E /* Utils */ = {
        isa = PBXGroup;
        children = (
            7A45EA761759499E95763B41 /* Constants.swift */,
            8C9BDD8C26FE4F5EB128E2E9 /* Brand.swift */,
            6439824F638E41D19594917D /* Typography.swift */,
            ECBFB75691394E0A8FDCBEFE /* Modifiers.swift */,
            B56D199CA87C4FA697D0503E /* PersonalityCopy.swift */,
            2EECDEB43E504910B8B46CF6 /* PreviewHelpers.swift */,
        );
        name = Utils;
        path = "Utils";
        sourceTree = "<group>";
    };
    859327CD07A640D48E19B899 /* Widget */ = {
        isa = PBXGroup;
        children = (
            6119D9A84728422CAD1D0F4A /* SpearoGoWidget.swift */,
            D7CB0AEF23214214A503B9A6 /* WidgetViews.swift */,
        );
        name = Widget;
        path = "Widget";
        sourceTree = "<group>";
    };
/* End PBXGroup section */

/* Begin PBXNativeTarget section */
    823F3F1C508842E78037BA70 /* SpearoGo Watch App */ = {
        isa = PBXNativeTarget;
        buildConfigurationList = B5A9B987BF164397B316528E /* Build configuration list for PBXNativeTarget "SpearoGo Watch App" */;
        buildPhases = (
            39D8A359E197441B989F3F3A /* Sources */,
            DD1C95A6E05945B1AD49A5C6 /* Frameworks */,
            66DA27BA253A4C98B3E03B10 /* Resources */,
        );
        buildRules = (
        );
        dependencies = (
        );
        name = "SpearoGo Watch App";
        productName = "SpearoGo Watch App";
        productReference = 7263E0A6D609453DBA993007 /* SpearoGo Watch App.app */;
        productType = "com.apple.product-type.application";
    };
    B18445355E584DF083ABA792 /* SpearoGo */ = {
        isa = PBXNativeTarget;
        buildConfigurationList = C291B0CFA14C418FBBB9AC3C /* Build configuration list for PBXNativeTarget "SpearoGo" */;
        buildPhases = (
            E7581E8D80DD49BE901C04F5 /* Sources */,
            2D4AB9176A4E4F489B7121AB /* Frameworks */,
            DBEC2957E4F3404A8FAA9670 /* Resources */,
            2CCC6A6CDB3A44B08FD52356 /* Embed Watch Content */,
        );
        buildRules = (
        );
        dependencies = (
            DBA7A0E9C7BD4A16948B6DDB /* PBXTargetDependency */,
        );
        name = SpearoGo;
        productName = SpearoGo;
        productReference = 77D152E4B335431DBED80C0F /* SpearoGo.app */;
        productType = "com.apple.product-type.application";
    };
/* End PBXNativeTarget section */

/* Begin PBXProject section */
    DBA861BCCC53449FBA038ED7 /* Project object */ = {
        isa = PBXProject;
        attributes = {
            BuildIndependentTargetsInParallel = 1;
            LastSwiftUpdateCheck = 1500;
            LastUpgradeCheck = 1500;
            TargetAttributes = {
                823F3F1C508842E78037BA70 = {
                    CreatedOnToolsVersion = 15.0;
                };
                B18445355E584DF083ABA792 = {
                    CreatedOnToolsVersion = 15.0;
                };
            };
        };
        buildConfigurationList = 87972360E6984A7381344B4E /* Build configuration list for PBXProject "SpearoGo" */;
        compatibilityVersion = "Xcode 14.0";
        developmentRegion = en;
        hasScannedForEncodings = 0;
        knownRegions = (
            en,
            Base,
        );
        mainGroup = FD649B5351AD4B95B0798890;
        productRefGroup = DB42B9081998449A91A6681E /* Products */;
        projectDirPath = "";
        projectRoot = "";
        targets = (
            B18445355E584DF083ABA792 /* SpearoGo */,
            823F3F1C508842E78037BA70 /* SpearoGo Watch App */,
        );
    };
/* End PBXProject section */

/* Begin PBXResourcesBuildPhase section */
    66DA27BA253A4C98B3E03B10 /* Resources */ = {
        isa = PBXResourcesBuildPhase;
        buildActionMask = 2147483647;
        files = (
            681F6C94F76F41C282B608E1 /* Assets.xcassets in Resources */,
            3E438F743986446F810262F3 /* PrivacyInfo.xcprivacy in Resources */,
        );
        runOnlyForDeploymentPostprocessing = 0;
    };
    DBEC2957E4F3404A8FAA9670 /* Resources */ = {
        isa = PBXResourcesBuildPhase;
        buildActionMask = 2147483647;
        files = (
            10254F9F6A41499796CD8235 /* Assets.xcassets in Resources */,
        );
        runOnlyForDeploymentPostprocessing = 0;
    };
/* End PBXResourcesBuildPhase section */

/* Begin PBXSourcesBuildPhase section */
    39D8A359E197441B989F3F3A /* Sources */ = {
        isa = PBXSourcesBuildPhase;
        buildActionMask = 2147483647;
        files = (
            1E94D970DA5240618A4E73F7 /* SpearoGoApp.swift in Sources */,
            024041C88E9B42A8A16417B1 /* AppState.swift in Sources */,
            58F9A7C9264944A48C73FD52 /* ContentView.swift in Sources */,
            0D8571956417457081B0744E /* VerdictPage.swift in Sources */,
            10529A0BE456452E845216FA /* ConditionsPage.swift in Sources */,
            A1B1192A1EBE459BABB588A5 /* WaterPage.swift in Sources */,
            FC49646ADAF84082BD25E817 /* TidesPage.swift in Sources */,
            A09BC890400D47C8A17FE70C /* TodayPage.swift in Sources */,
            D1842D1B624E429887EB37D9 /* FishActivityPage.swift in Sources */,
            DFCFBA47FC06413D9E258000 /* LocationsView.swift in Sources */,
            8263B1D21DC140D6B7D4F494 /* OnboardingView.swift in Sources */,
            B3DB7F0A73A14D008CF35DA9 /* PrivacyPolicyView.swift in Sources */,
            D223989429524852B95B47CC /* WeatherData.swift in Sources */,
            8BACEE1E9D924C55BD1B215E /* MarineData.swift in Sources */,
            E03CBB7368564C19B150FBD4 /* TideData.swift in Sources */,
            C6A0EB3A49D24BF799E6853A /* SolunarData.swift in Sources */,
            7C94E103C39B46E38C8C902A /* DiveScore.swift in Sources */,
            006C9712E9F8481FAA613F32 /* SavedLocation.swift in Sources */,
            2074C896FA134AEFB10E87CB /* SharedScore.swift in Sources */,
            C20E73BA46EF43CD842304B8 /* WeatherService.swift in Sources */,
            239362F685684A399D7ECF93 /* MarineService.swift in Sources */,
            56F78AFA98184B0A98D495FE /* TideService.swift in Sources */,
            9BFF13DC0F42449B945012A7 /* SolunarService.swift in Sources */,
            87FF6C483C9E41D0949138AF /* LocationService.swift in Sources */,
            9A0C4543FCE742FAA7D0143B /* ScoreService.swift in Sources */,
            7C0ED03E98C941F68AFAE3A3 /* CacheService.swift in Sources */,
            857D4B216C97479BB0E2B409 /* Constants.swift in Sources */,
            9967799363DF4D9796E9AA95 /* Brand.swift in Sources */,
            9686CA62D21C4075967CD827 /* Typography.swift in Sources */,
            C2C094F45CDA44BDA2E54993 /* Modifiers.swift in Sources */,
            F0ED63B54DDB4E7C808BC7F8 /* PersonalityCopy.swift in Sources */,
            ED900EBCE2B7496889E9AA69 /* PreviewHelpers.swift in Sources */,
        );
        runOnlyForDeploymentPostprocessing = 0;
    };
    E7581E8D80DD49BE901C04F5 /* Sources */ = {
        isa = PBXSourcesBuildPhase;
        buildActionMask = 2147483647;
        files = (
            55808D0993B74A6F913A58F1 /* SpearoGoiOSApp.swift in Sources */,
        );
        runOnlyForDeploymentPostprocessing = 0;
    };
/* End PBXSourcesBuildPhase section */

/* Begin PBXTargetDependency section */
    DBA7A0E9C7BD4A16948B6DDB /* PBXTargetDependency */ = {
        isa = PBXTargetDependency;
        target = 823F3F1C508842E78037BA70 /* SpearoGo Watch App */;
        targetProxy = AA4039967CA44993B7537344 /* PBXContainerItemProxy */;
    };
/* End PBXTargetDependency section */

/* Begin XCBuildConfiguration section */
    9193F2CB7C844A48848C5DD3 /* Debug */ = {
        isa = XCBuildConfiguration;
        buildSettings = {
            ALWAYS_SEARCH_USER_PATHS = NO;
            CLANG_ANALYZER_NONNULL = YES;
            CLANG_ANALYZER_NUMBER_OBJECT_CONVERSION = YES_AGGRESSIVE;
            CLANG_CXX_LANGUAGE_STANDARD = "gnu++20";
            CLANG_ENABLE_MODULES = YES;
            CLANG_ENABLE_OBJC_ARC = YES;
            CLANG_ENABLE_OBJC_WEAK = YES;
            CLANG_WARN_BLOCK_CAPTURE_AUTORELEASING = YES;
            CLANG_WARN_BOOL_CONVERSION = YES;
            CLANG_WARN_COMMA = YES;
            CLANG_WARN_CONSTANT_CONVERSION = YES;
            CLANG_WARN_DEPRECATED_OBJC_IMPLEMENTATIONS = YES;
            CLANG_WARN_DIRECT_OBJC_ISA_USAGE = YES_ERROR;
            CLANG_WARN_DOCUMENTATION_COMMENTS = YES;
            CLANG_WARN_EMPTY_BODY = YES;
            CLANG_WARN_ENUM_CONVERSION = YES;
            CLANG_WARN_INFINITE_RECURSION = YES;
            CLANG_WARN_INT_CONVERSION = YES;
            CLANG_WARN_NON_LITERAL_NULL_CONVERSION = YES;
            CLANG_WARN_OBJC_IMPLICIT_RETAIN_SELF = YES;
            CLANG_WARN_OBJC_LITERAL_CONVERSION = YES;
            CLANG_WARN_OBJC_ROOT_CLASS = YES_ERROR;
            CLANG_WARN_QUOTED_INCLUDE_IN_FRAMEWORK_HEADER = YES;
            CLANG_WARN_RANGE_LOOP_ANALYSIS = YES;
            CLANG_WARN_STRICT_PROTOTYPES = YES;
            CLANG_WARN_SUSPICIOUS_MOVE = YES;
            CLANG_WARN_UNGUARDED_AVAILABILITY = YES_AGGRESSIVE;
            CLANG_WARN_UNREACHABLE_CODE = YES;
            CLANG_WARN__DUPLICATE_METHOD_MATCH = YES;
            GCC_C_LANGUAGE_STANDARD = gnu17;
            GCC_WARN_64_TO_32_BIT_CONVERSION = YES;
            GCC_WARN_ABOUT_RETURN_TYPE = YES_ERROR;
            GCC_WARN_UNDECLARED_SELECTOR = YES;
            GCC_WARN_UNINITIALIZED_AUTOS = YES_AGGRESSIVE;
            GCC_WARN_UNUSED_FUNCTION = YES;
            GCC_WARN_UNUSED_VARIABLE = YES;
            SWIFT_VERSION = "5.0";
            DEBUG_INFORMATION_FORMAT = dwarf;
            ENABLE_TESTABILITY = YES;
            GCC_DYNAMIC_NO_PIC = NO;
            GCC_OPTIMIZATION_LEVEL = 0;
            GCC_PREPROCESSOR_DEFINITIONS = ("DEBUG=1", "$(inherited)",);
            MTL_ENABLE_DEBUG_INFO = INCLUDE_SOURCE;
            MTL_FAST_MATH = YES;
            ONLY_ACTIVE_ARCH = YES;
            SWIFT_ACTIVE_COMPILATION_CONDITIONS = DEBUG;
            SWIFT_OPTIMIZATION_LEVEL = "-Onone";
        };
        name = Debug;
    };
    AC1D7C1132A5472FA9B78D5D /* Release */ = {
        isa = XCBuildConfiguration;
        buildSettings = {
            ALWAYS_SEARCH_USER_PATHS = NO;
            CLANG_ANALYZER_NONNULL = YES;
            CLANG_ANALYZER_NUMBER_OBJECT_CONVERSION = YES_AGGRESSIVE;
            CLANG_CXX_LANGUAGE_STANDARD = "gnu++20";
            CLANG_ENABLE_MODULES = YES;
            CLANG_ENABLE_OBJC_ARC = YES;
            CLANG_ENABLE_OBJC_WEAK = YES;
            CLANG_WARN_BLOCK_CAPTURE_AUTORELEASING = YES;
            CLANG_WARN_BOOL_CONVERSION = YES;
            CLANG_WARN_COMMA = YES;
            CLANG_WARN_CONSTANT_CONVERSION = YES;
            CLANG_WARN_DEPRECATED_OBJC_IMPLEMENTATIONS = YES;
            CLANG_WARN_DIRECT_OBJC_ISA_USAGE = YES_ERROR;
            CLANG_WARN_DOCUMENTATION_COMMENTS = YES;
            CLANG_WARN_EMPTY_BODY = YES;
            CLANG_WARN_ENUM_CONVERSION = YES;
            CLANG_WARN_INFINITE_RECURSION = YES;
            CLANG_WARN_INT_CONVERSION = YES;
            CLANG_WARN_NON_LITERAL_NULL_CONVERSION = YES;
            CLANG_WARN_OBJC_IMPLICIT_RETAIN_SELF = YES;
            CLANG_WARN_OBJC_LITERAL_CONVERSION = YES;
            CLANG_WARN_OBJC_ROOT_CLASS = YES_ERROR;
            CLANG_WARN_QUOTED_INCLUDE_IN_FRAMEWORK_HEADER = YES;
            CLANG_WARN_RANGE_LOOP_ANALYSIS = YES;
            CLANG_WARN_STRICT_PROTOTYPES = YES;
            CLANG_WARN_SUSPICIOUS_MOVE = YES;
            CLANG_WARN_UNGUARDED_AVAILABILITY = YES_AGGRESSIVE;
            CLANG_WARN_UNREACHABLE_CODE = YES;
            CLANG_WARN__DUPLICATE_METHOD_MATCH = YES;
            GCC_C_LANGUAGE_STANDARD = gnu17;
            GCC_WARN_64_TO_32_BIT_CONVERSION = YES;
            GCC_WARN_ABOUT_RETURN_TYPE = YES_ERROR;
            GCC_WARN_UNDECLARED_SELECTOR = YES;
            GCC_WARN_UNINITIALIZED_AUTOS = YES_AGGRESSIVE;
            GCC_WARN_UNUSED_FUNCTION = YES;
            GCC_WARN_UNUSED_VARIABLE = YES;
            SWIFT_VERSION = "5.0";
            COPY_PHASE_STRIP = NO;
            DEBUG_INFORMATION_FORMAT = "dwarf-with-dsym";
            ENABLE_NS_ASSERTIONS = NO;
            MTL_FAST_MATH = YES;
            SWIFT_COMPILATION_MODE = wholemodule;
            SWIFT_OPTIMIZATION_LEVEL = "-O";
            VALIDATE_PRODUCT = YES;
        };
        name = Release;
    };
    DB521687672F4DF3927F4936 /* Debug */ = {
        isa = XCBuildConfiguration;
        buildSettings = {
            ASSETCATALOG_COMPILER_APPICON_NAME = AppIcon;
            ASSETCATALOG_COMPILER_GLOBAL_ACCENT_COLOR_NAME = OceanBlue;
            CODE_SIGN_ENTITLEMENTS = "SpearoGo/SpearoGo.entitlements";
            CODE_SIGN_STYLE = Automatic;
            CURRENT_PROJECT_VERSION = 2;
            DEVELOPMENT_TEAM = RBDNV7NG89;
            ENABLE_PREVIEWS = YES;
            GENERATE_INFOPLIST_FILE = NO;
            INFOPLIST_FILE = "SpearoGo/Info.plist";
            MARKETING_VERSION = "1.0.0";
            PRODUCT_BUNDLE_IDENTIFIER = "agency.visivo.SpearoGo.watchkitapp";
            PRODUCT_NAME = "$(TARGET_NAME)";
            SDKROOT = watchos;
            SKIP_INSTALL = YES;
            SUPPORTED_PLATFORMS = watchos;
            SUPPORTS_MACCATALYST = NO;
            SWIFT_EMIT_LOC_STRINGS = YES;
            SWIFT_VERSION = "5.0";
            TARGETED_DEVICE_FAMILY = 4;
            WATCHOS_DEPLOYMENT_TARGET = "10.0";
            SWIFT_ACTIVE_COMPILATION_CONDITIONS = DEBUG;
        };
        name = Debug;
    };
    51A0966A2B7846E3A217B1E3 /* Release */ = {
        isa = XCBuildConfiguration;
        buildSettings = {
            ASSETCATALOG_COMPILER_APPICON_NAME = AppIcon;
            ASSETCATALOG_COMPILER_GLOBAL_ACCENT_COLOR_NAME = OceanBlue;
            CODE_SIGN_ENTITLEMENTS = "SpearoGo/SpearoGo.entitlements";
            CODE_SIGN_STYLE = Automatic;
            CURRENT_PROJECT_VERSION = 2;
            DEVELOPMENT_TEAM = RBDNV7NG89;
            ENABLE_PREVIEWS = YES;
            GENERATE_INFOPLIST_FILE = NO;
            INFOPLIST_FILE = "SpearoGo/Info.plist";
            MARKETING_VERSION = "1.0.0";
            PRODUCT_BUNDLE_IDENTIFIER = "agency.visivo.SpearoGo.watchkitapp";
            PRODUCT_NAME = "$(TARGET_NAME)";
            SDKROOT = watchos;
            SKIP_INSTALL = YES;
            SUPPORTED_PLATFORMS = watchos;
            SUPPORTS_MACCATALYST = NO;
            SWIFT_EMIT_LOC_STRINGS = YES;
            SWIFT_VERSION = "5.0";
            TARGETED_DEVICE_FAMILY = 4;
            WATCHOS_DEPLOYMENT_TARGET = "10.0";
        };
        name = Release;
    };
    71541BEB86BC42229395A957 /* Debug */ = {
        isa = XCBuildConfiguration;
        buildSettings = {
            ASSETCATALOG_COMPILER_APPICON_NAME = AppIcon;
            CODE_SIGN_STYLE = Automatic;
            CURRENT_PROJECT_VERSION = 2;
            DEVELOPMENT_TEAM = RBDNV7NG89;
            GENERATE_INFOPLIST_FILE = NO;
            INFOPLIST_FILE = "SpearoGoiOS/Info.plist";
            MARKETING_VERSION = "1.0.0";
            PRODUCT_BUNDLE_IDENTIFIER = "agency.visivo.SpearoGo";
            PRODUCT_NAME = "$(TARGET_NAME)";
            SDKROOT = iphoneos;
            SKIP_INSTALL = NO;
            SUPPORTED_PLATFORMS = iphoneos;
            SUPPORTS_MACCATALYST = NO;
            SWIFT_EMIT_LOC_STRINGS = YES;
            SWIFT_VERSION = "5.0";
            TARGETED_DEVICE_FAMILY = "1,2";
            IPHONEOS_DEPLOYMENT_TARGET = "17.0";
            SWIFT_ACTIVE_COMPILATION_CONDITIONS = DEBUG;
        };
        name = Debug;
    };
    C6AE9380A44E4E4F8664A74B /* Release */ = {
        isa = XCBuildConfiguration;
        buildSettings = {
            ASSETCATALOG_COMPILER_APPICON_NAME = AppIcon;
            CODE_SIGN_STYLE = Automatic;
            CURRENT_PROJECT_VERSION = 2;
            DEVELOPMENT_TEAM = RBDNV7NG89;
            GENERATE_INFOPLIST_FILE = NO;
            INFOPLIST_FILE = "SpearoGoiOS/Info.plist";
            MARKETING_VERSION = "1.0.0";
            PRODUCT_BUNDLE_IDENTIFIER = "agency.visivo.SpearoGo";
            PRODUCT_NAME = "$(TARGET_NAME)";
            SDKROOT = iphoneos;
            SKIP_INSTALL = NO;
            SUPPORTED_PLATFORMS = iphoneos;
            SUPPORTS_MACCATALYST = NO;
            SWIFT_EMIT_LOC_STRINGS = YES;
            SWIFT_VERSION = "5.0";
            TARGETED_DEVICE_FAMILY = "1,2";
            IPHONEOS_DEPLOYMENT_TARGET = "17.0";
        };
        name = Release;
    };
/* End XCBuildConfiguration section */

/* Begin XCConfigurationList section */
    87972360E6984A7381344B4E /* Build configuration list for PBXProject "SpearoGo" */ = {
        isa = XCConfigurationList;
        buildConfigurations = (
            9193F2CB7C844A48848C5DD3 /* Debug */,
            AC1D7C1132A5472FA9B78D5D /* Release */,
        );
        defaultConfigurationIsVisible = 0;
        defaultConfigurationName = Release;
    };
    B5A9B987BF164397B316528E /* Build configuration list for PBXNativeTarget "SpearoGo Watch App" */ = {
        isa = XCConfigurationList;
        buildConfigurations = (
            DB521687672F4DF3927F4936 /* Debug */,
            51A0966A2B7846E3A217B1E3 /* Release */,
        );
        defaultConfigurationIsVisible = 0;
        defaultConfigurationName = Release;
    };
    C291B0CFA14C418FBBB9AC3C /* Build configuration list for PBXNativeTarget "SpearoGo" */ = {
        isa = XCConfigurationList;
        buildConfigurations = (
            71541BEB86BC42229395A957 /* Debug */,
            C6AE9380A44E4E4F8664A74B /* Release */,
        );
        defaultConfigurationIsVisible = 0;
        defaultConfigurationName = Release;
    };
/* End XCConfigurationList section */

  };
  rootObject = DBA861BCCC53449FBA038ED7 /* Project object */;
}